
Microsoft Visual Studio Solution File, Format Version 12.00
# Visual Studio Version 16
VisualStudioVersion = 16.0.34931.43
MinimumVisualStudioVersion = 10.0.40219.1
Project("{8BC9CEB8-8B4A-11D0-8D11-00A0C91BC942}") = "AeroMap", "AeroMap\AeroMap.vcxproj", "{FABFD3C0-65BD-421A-9FBA-881B6035EDC3}"
	ProjectSection(ProjectDependencies) = postProject
		{32893402-5FFF-490F-94A1-73D290F12056} = {32893402-5FFF-490F-94A1-73D290F12056}
		{C5BD1804-D480-491A-B952-8DCC46DC8843} = {C5BD1804-D480-491A-B952-8DCC46DC8843}
		{6E3E7006-0374-4937-A7B4-5086B57143E4} = {6E3E7006-0374-4937-A7B4-5086B57143E4}
		{3CCA0623-8D13-410E-9556-11B6B4CDB9E1} = {3CCA0623-8D13-410E-9556-11B6B4CDB9E1}
		{0F647C2E-34FC-4D90-A5D2-765022868279} = {0F647C2E-34FC-4D90-A5D2-765022868279}
		{BDC8F12E-D4BB-4AC9-91CF-6C7A4F82B273} = {BDC8F12E-D4BB-4AC9-91CF-6C7A4F82B273}
		{F7BDAC30-1C04-4BE2-A3D4-87C3BCC5AC6E} = {F7BDAC30-1C04-4BE2-A3D4-87C3BCC5AC6E}
		{623BFE38-600E-472D-A6BA-67B8B53B254E} = {623BFE38-600E-472D-A6BA-67B8B53B254E}
		{F2F1A550-0ABD-45D1-9EA5-315851AAE188} = {F2F1A550-0ABD-45D1-9EA5-315851AAE188}
		{E4BF1D52-5D4B-4CEB-B1F8-A99F8C909BFA} = {E4BF1D52-5D4B-4CEB-B1F8-A99F8C909BFA}
		{CF373155-3141-4004-8009-BBADBBD9F4BE} = {CF373155-3141-4004-8009-BBADBBD9F4BE}
		{C447B458-33EF-4410-B3AF-034F7516ADED} = {C447B458-33EF-4410-B3AF-034F7516ADED}
		{AEDBD46E-55D1-49DD-AA2E-4F671E41FAC0} = {AEDBD46E-55D1-49DD-AA2E-4F671E41FAC0}
		{EBC1E576-3D9A-4B21-BDF9-E6205544D5B0} = {EBC1E576-3D9A-4B21-BDF9-E6205544D5B0}
		{8801EF8B-F1B2-4E1E-B9AD-1AF2CAEDE6C7} = {8801EF8B-F1B2-4E1E-B9AD-1AF2CAEDE6C7}
		{7384D195-A389-4374-B7DB-253C7623C0DD} = {7384D195-A389-4374-B7DB-253C7623C0DD}
		{B08A979A-D398-4B98-B77F-7AFD291996CA} = {B08A979A-D398-4B98-B77F-7AFD291996CA}
		{18C3339B-54A1-43EA-98C1-61CD27085B55} = {18C3339B-54A1-43EA-98C1-61CD27085B55}
		{8A64F2AA-224C-4D98-AB28-8BF78B73127E} = {8A64F2AA-224C-4D98-AB28-8BF78B73127E}
		{1F88A5AF-A07A-4B13-8E5F-A3D0F4264F8A} = {1F88A5AF-A07A-4B13-8E5F-A3D0F4264F8A}
		{F616E7C2-A2F7-4E02-8446-9FE053A4B7CD} = {F616E7C2-A2F7-4E02-8446-9FE053A4B7CD}
		{BFF240E3-B47D-4550-BF54-3A0AFC4B0380} = {BFF240E3-B47D-4550-BF54-3A0AFC4B0380}
		{C69849F2-53BE-4D4A-8EA2-6E94D17554F4} = {C69849F2-53BE-4D4A-8EA2-6E94D17554F4}
	EndProjectSection
EndProject
Project("{2150E333-8FDC-42A3-9474-1A3956D46DE8}") = "Libraries", "Libraries", "{F4EBD574-8941-4AE9-9F7B-4F114BDE467A}"
EndProject
Project("{8BC9CEB8-8B4A-11D0-8D11-00A0C91BC942}") = "CppUnitLite", "Lib\CppUnitLite\CppUnitLite.vcxproj", "{B13BDA56-9331-4E08-A4A3-9EEF19A05458}"
EndProject
Project("{8BC9CEB8-8B4A-11D0-8D11-00A0C91BC942}") = "gdal", "Lib\gdal-3.2.1\gdal.vcxproj", "{7A215D8D-DE1A-4CD4-8E9A-5EC2181C227D}"
	ProjectSection(ProjectDependencies) = postProject
		{FB5851C1-74C7-3E58-A2DC-6BFA94B33C7B} = {FB5851C1-74C7-3E58-A2DC-6BFA94B33C7B}
	EndProjectSection
EndProject
Project("{8BC9CEB8-8B4A-11D0-8D11-00A0C91BC942}") = "jpeg", "Lib\jpeg-9a\jpeg.vcxproj", "{019DBD2A-273D-4BA4-BF86-B5EFE2ED76B1}"
EndProject
Project("{8BC9CEB8-8B4A-11D0-8D11-00A0C91BC942}") = "libpng", "Lib\libpng-1.6.20\libpng.vcxproj", "{D6973076-9317-4EF2-A0B8-B7A18AC0713E}"
	ProjectSection(ProjectDependencies) = postProject
		{0A70E8FB-694F-4A29-82DA-C2B4961FEEF1} = {0A70E8FB-694F-4A29-82DA-C2B4961FEEF1}
	EndProjectSection
EndProject
Project("{8BC9CEB8-8B4A-11D0-8D11-00A0C91BC942}") = "pdal", "Lib\pdal-2.3\pdal.vcxproj", "{87DCFF1B-439A-4CED-9817-7A9AB16F8369}"
EndProject
Project("{8BC9CEB8-8B4A-11D0-8D11-00A0C91BC942}") = "proj", "Lib\proj-7.1.1\build_vs14_x64\src\proj.vcxproj", "{FB5851C1-74C7-3E58-A2DC-6BFA94B33C7B}"
EndProject
Project("{8BC9CEB8-8B4A-11D0-8D11-00A0C91BC942}") = "zlib", "Lib\zlib\zlib.vcxproj", "{0A70E8FB-694F-4A29-82DA-C2B4961FEEF1}"
EndProject
Project("{2150E333-8FDC-42A3-9474-1A3956D46DE8}") = "UnitTests", "UnitTests", "{B948E188-079A-4C65-80AA-FE2D407E051C}"
EndProject
Project("{8BC9CEB8-8B4A-11D0-8D11-00A0C91BC942}") = "TestBmpFile", "UnitTests\TestBmpFile\TestBmpFile.vcxproj", "{CF373155-3141-4004-8009-BBADBBD9F4BE}"
	ProjectSection(ProjectDependencies) = postProject
		{B13BDA56-9331-4E08-A4A3-9EEF19A05458} = {B13BDA56-9331-4E08-A4A3-9EEF19A05458}
	EndProjectSection
EndProject
Project("{8BC9CEB8-8B4A-11D0-8D11-00A0C91BC942}") = "TestCalc", "UnitTests\TestCalc\TestCalc.vcxproj", "{AEDBD46E-55D1-49DD-AA2E-4F671E41FAC0}"
	ProjectSection(ProjectDependencies) = postProject
		{B13BDA56-9331-4E08-A4A3-9EEF19A05458} = {B13BDA56-9331-4E08-A4A3-9EEF19A05458}
	EndProjectSection
EndProject
Project("{8BC9CEB8-8B4A-11D0-8D11-00A0C91BC942}") = "TestCamera", "UnitTests\TestCamera\TestCamera.vcxproj", "{8A64F2AA-224C-4D98-AB28-8BF78B73127E}"
	ProjectSection(ProjectDependencies) = postProject
		{B13BDA56-9331-4E08-A4A3-9EEF19A05458} = {B13BDA56-9331-4E08-A4A3-9EEF19A05458}
	EndProjectSection
EndProject
Project("{8BC9CEB8-8B4A-11D0-8D11-00A0C91BC942}") = "TestDateTime", "UnitTests\TestDateTime\TestDateTime.vcxproj", "{E4BF1D52-5D4B-4CEB-B1F8-A99F8C909BFA}"
	ProjectSection(ProjectDependencies) = postProject
		{B13BDA56-9331-4E08-A4A3-9EEF19A05458} = {B13BDA56-9331-4E08-A4A3-9EEF19A05458}
	EndProjectSection
EndProject
Project("{8BC9CEB8-8B4A-11D0-8D11-00A0C91BC942}") = "TestGdal", "UnitTests\TestGdal\TestGdal.vcxproj", "{EBC1E576-3D9A-4B21-BDF9-E6205544D5B0}"
	ProjectSection(ProjectDependencies) = postProject
		{B13BDA56-9331-4E08-A4A3-9EEF19A05458} = {B13BDA56-9331-4E08-A4A3-9EEF19A05458}
		{7A215D8D-DE1A-4CD4-8E9A-5EC2181C227D} = {7A215D8D-DE1A-4CD4-8E9A-5EC2181C227D}
	EndProjectSection
EndProject
Project("{8BC9CEB8-8B4A-11D0-8D11-00A0C91BC942}") = "TestGis", "UnitTests\TestGis\TestGis.vcxproj", "{32893402-5FFF-490F-94A1-73D290F12056}"
	ProjectSection(ProjectDependencies) = postProject
		{B13BDA56-9331-4E08-A4A3-9EEF19A05458} = {B13BDA56-9331-4E08-A4A3-9EEF19A05458}
	EndProjectSection
EndProject
Project("{8BC9CEB8-8B4A-11D0-8D11-00A0C91BC942}") = "TestLibTiff", "UnitTests\TestLibTiff\TestTiffLib.vcxproj", "{6E3E7006-0374-4937-A7B4-5086B57143E4}"
	ProjectSection(ProjectDependencies) = postProject
		{B13BDA56-9331-4E08-A4A3-9EEF19A05458} = {B13BDA56-9331-4E08-A4A3-9EEF19A05458}
	EndProjectSection
EndProject
Project("{8BC9CEB8-8B4A-11D0-8D11-00A0C91BC942}") = "TestModel_3DS", "UnitTests\TestModel_3DS\TestModel_3DS.vcxproj", "{C69849F2-53BE-4D4A-8EA2-6E94D17554F4}"
	ProjectSection(ProjectDependencies) = postProject
		{019DBD2A-273D-4BA4-BF86-B5EFE2ED76B1} = {019DBD2A-273D-4BA4-BF86-B5EFE2ED76B1}
		{B13BDA56-9331-4E08-A4A3-9EEF19A05458} = {B13BDA56-9331-4E08-A4A3-9EEF19A05458}
		{D6973076-9317-4EF2-A0B8-B7A18AC0713E} = {D6973076-9317-4EF2-A0B8-B7A18AC0713E}
	EndProjectSection
EndProject
Project("{8BC9CEB8-8B4A-11D0-8D11-00A0C91BC942}") = "TestModel_AC", "UnitTests\TestModel_AC\TestModel_AC.vcxproj", "{623BFE38-600E-472D-A6BA-67B8B53B254E}"
	ProjectSection(ProjectDependencies) = postProject
		{019DBD2A-273D-4BA4-BF86-B5EFE2ED76B1} = {019DBD2A-273D-4BA4-BF86-B5EFE2ED76B1}
		{B13BDA56-9331-4E08-A4A3-9EEF19A05458} = {B13BDA56-9331-4E08-A4A3-9EEF19A05458}
		{D6973076-9317-4EF2-A0B8-B7A18AC0713E} = {D6973076-9317-4EF2-A0B8-B7A18AC0713E}
	EndProjectSection
EndProject
Project("{8BC9CEB8-8B4A-11D0-8D11-00A0C91BC942}") = "TestModel_OBJ", "UnitTests\TestModel_OBJ\TestModel_OBJ.vcxproj", "{F7BDAC30-1C04-4BE2-A3D4-87C3BCC5AC6E}"
	ProjectSection(ProjectDependencies) = postProject
		{019DBD2A-273D-4BA4-BF86-B5EFE2ED76B1} = {019DBD2A-273D-4BA4-BF86-B5EFE2ED76B1}
		{B13BDA56-9331-4E08-A4A3-9EEF19A05458} = {B13BDA56-9331-4E08-A4A3-9EEF19A05458}
		{D6973076-9317-4EF2-A0B8-B7A18AC0713E} = {D6973076-9317-4EF2-A0B8-B7A18AC0713E}
	EndProjectSection
EndProject
Project("{8BC9CEB8-8B4A-11D0-8D11-00A0C91BC942}") = "TestModel_STL", "UnitTests\TestModel_STL\TestModel_STL.vcxproj", "{1F88A5AF-A07A-4B13-8E5F-A3D0F4264F8A}"
	ProjectSection(ProjectDependencies) = postProject
		{019DBD2A-273D-4BA4-BF86-B5EFE2ED76B1} = {019DBD2A-273D-4BA4-BF86-B5EFE2ED76B1}
		{B13BDA56-9331-4E08-A4A3-9EEF19A05458} = {B13BDA56-9331-4E08-A4A3-9EEF19A05458}
		{D6973076-9317-4EF2-A0B8-B7A18AC0713E} = {D6973076-9317-4EF2-A0B8-B7A18AC0713E}
	EndProjectSection
EndProject
Project("{8BC9CEB8-8B4A-11D0-8D11-00A0C91BC942}") = "TestModel_X", "UnitTests\TestModel_X\TestModel_X.vcxproj", "{C447B458-33EF-4410-B3AF-034F7516ADED}"
	ProjectSection(ProjectDependencies) = postProject
		{019DBD2A-273D-4BA4-BF86-B5EFE2ED76B1} = {019DBD2A-273D-4BA4-BF86-B5EFE2ED76B1}
		{B13BDA56-9331-4E08-A4A3-9EEF19A05458} = {B13BDA56-9331-4E08-A4A3-9EEF19A05458}
		{D6973076-9317-4EF2-A0B8-B7A18AC0713E} = {D6973076-9317-4EF2-A0B8-B7A18AC0713E}
	EndProjectSection
EndProject
Project("{8BC9CEB8-8B4A-11D0-8D11-00A0C91BC942}") = "TestPdal", "UnitTests\TestPdal\TestPdal.vcxproj", "{7384D195-A389-4374-B7DB-253C7623C0DD}"
	ProjectSection(ProjectDependencies) = postProject
		{87DCFF1B-439A-4CED-9817-7A9AB16F8369} = {87DCFF1B-439A-4CED-9817-7A9AB16F8369}
		{B13BDA56-9331-4E08-A4A3-9EEF19A05458} = {B13BDA56-9331-4E08-A4A3-9EEF19A05458}
	EndProjectSection
EndProject
Project("{8BC9CEB8-8B4A-11D0-8D11-00A0C91BC942}") = "TestPngFile", "UnitTests\TestPngFile\TestPngFile.vcxproj", "{F2F1A550-0ABD-45D1-9EA5-315851AAE188}"
	ProjectSection(ProjectDependencies) = postProject
		{B13BDA56-9331-4E08-A4A3-9EEF19A05458} = {B13BDA56-9331-4E08-A4A3-9EEF19A05458}
		{D6973076-9317-4EF2-A0B8-B7A18AC0713E} = {D6973076-9317-4EF2-A0B8-B7A18AC0713E}
	EndProjectSection
EndProject
Project("{8BC9CEB8-8B4A-11D0-8D11-00A0C91BC942}") = "TestProj", "UnitTests\TestProj\TestProj.vcxproj", "{BFF240E3-B47D-4550-BF54-3A0AFC4B0380}"
	ProjectSection(ProjectDependencies) = postProject
		{B13BDA56-9331-4E08-A4A3-9EEF19A05458} = {B13BDA56-9331-4E08-A4A3-9EEF19A05458}
		{FB5851C1-74C7-3E58-A2DC-6BFA94B33C7B} = {FB5851C1-74C7-3E58-A2DC-6BFA94B33C7B}
	EndProjectSection
EndProject
Project("{8BC9CEB8-8B4A-11D0-8D11-00A0C91BC942}") = "TestRasterFile", "UnitTests\TestRasterFile\TestRasterFile.vcxproj", "{BDC8F12E-D4BB-4AC9-91CF-6C7A4F82B273}"
	ProjectSection(ProjectDependencies) = postProject
		{B13BDA56-9331-4E08-A4A3-9EEF19A05458} = {B13BDA56-9331-4E08-A4A3-9EEF19A05458}
		{7A215D8D-DE1A-4CD4-8E9A-5EC2181C227D} = {7A215D8D-DE1A-4CD4-8E9A-5EC2181C227D}
	EndProjectSection
EndProject
Project("{8BC9CEB8-8B4A-11D0-8D11-00A0C91BC942}") = "TestShapeFile", "UnitTests\TestShapeFile\TestShapeFile.vcxproj", "{C5BD1804-D480-491A-B952-8DCC46DC8843}"
	ProjectSection(ProjectDependencies) = postProject
		{B13BDA56-9331-4E08-A4A3-9EEF19A05458} = {B13BDA56-9331-4E08-A4A3-9EEF19A05458}
		{7A215D8D-DE1A-4CD4-8E9A-5EC2181C227D} = {7A215D8D-DE1A-4CD4-8E9A-5EC2181C227D}
	EndProjectSection
EndProject
Project("{8BC9CEB8-8B4A-11D0-8D11-00A0C91BC942}") = "TestSvgFile", "UnitTests\TestSvgFile\TestSvgFile.vcxproj", "{8801EF8B-F1B2-4E1E-B9AD-1AF2CAEDE6C7}"
	ProjectSection(ProjectDependencies) = postProject
		{B13BDA56-9331-4E08-A4A3-9EEF19A05458} = {B13BDA56-9331-4E08-A4A3-9EEF19A05458}
	EndProjectSection
EndProject
Project("{8BC9CEB8-8B4A-11D0-8D11-00A0C91BC942}") = "TestTiffFile", "UnitTests\TestTiffFile\TestTiffFile.vcxproj", "{0F647C2E-34FC-4D90-A5D2-765022868279}"
	ProjectSection(ProjectDependencies) = postProject
		{B13BDA56-9331-4E08-A4A3-9EEF19A05458} = {B13BDA56-9331-4E08-A4A3-9EEF19A05458}
	EndProjectSection
EndProject
Project("{8BC9CEB8-8B4A-11D0-8D11-00A0C91BC942}") = "TestXString", "UnitTests\TestXString\TestXString.vcxproj", "{18C3339B-54A1-43EA-98C1-61CD27085B55}"
	ProjectSection(ProjectDependencies) = postProject
		{B13BDA56-9331-4E08-A4A3-9EEF19A05458} = {B13BDA56-9331-4E08-A4A3-9EEF19A05458}
	EndProjectSection
EndProject
Project("{8BC9CEB8-8B4A-11D0-8D11-00A0C91BC942}") = "TestShots", "UnitTests\TestShots\TestShots.vcxproj", "{F616E7C2-A2F7-4E02-8446-9FE053A4B7CD}"
	ProjectSection(ProjectDependencies) = postProject
		{B13BDA56-9331-4E08-A4A3-9EEF19A05458} = {B13BDA56-9331-4E08-A4A3-9EEF19A05458}
	EndProjectSection
EndProject
Project("{8BC9CEB8-8B4A-11D0-8D11-00A0C91BC942}") = "TestLasFile", "UnitTests\TestLasFile\TestLasFile.vcxproj", "{3CCA0623-8D13-410E-9556-11B6B4CDB9E1}"
	ProjectSection(ProjectDependencies) = postProject
		{90F79639-9099-3A9A-BE75-9F0B168937CC} = {90F79639-9099-3A9A-BE75-9F0B168937CC}
		{AD6D7AF6-9186-39E8-93A0-6BAB63B7F06B} = {AD6D7AF6-9186-39E8-93A0-6BAB63B7F06B}
	EndProjectSection
EndProject
Project("{8BC9CEB8-8B4A-11D0-8D11-00A0C91BC942}") = "TestLasZip", "UnitTests\TestLasZip\TestLasZip.vcxproj", "{B08A979A-D398-4B98-B77F-7AFD291996CA}"
	ProjectSection(ProjectDependencies) = postProject
		{90F79639-9099-3A9A-BE75-9F0B168937CC} = {90F79639-9099-3A9A-BE75-9F0B168937CC}
		{AD6D7AF6-9186-39E8-93A0-6BAB63B7F06B} = {AD6D7AF6-9186-39E8-93A0-6BAB63B7F06B}
	EndProjectSection
EndProject
Project("{8BC9CEB8-8B4A-11D0-8D11-00A0C91BC942}") = "laslib", "Lib\laslib\laslib.vcxproj", "{90F79639-9099-3A9A-BE75-9F0B168937CC}"
EndProject
Project("{8BC9CEB8-8B4A-11D0-8D11-00A0C91BC942}") = "laszip3", "Lib\laszip\laszip3.vcxproj", "{AD6D7AF6-9186-39E8-93A0-6BAB63B7F06B}"
	ProjectSection(ProjectDependencies) = postProject
		{90F79639-9099-3A9A-BE75-9F0B168937CC} = {90F79639-9099-3A9A-BE75-9F0B168937CC}
	EndProjectSection
EndProject
Global
	GlobalSection(SolutionConfigurationPlatforms) = preSolution
		Debug|x64 = Debug|x64
		MinSizeRel|x64 = MinSizeRel|x64
		Release|x64 = Release|x64
		RelWithDebInfo|x64 = RelWithDebInfo|x64
	EndGlobalSection
	GlobalSection(ProjectConfigurationPlatforms) = postSolution
		{FABFD3C0-65BD-421A-9FBA-881B6035EDC3}.Debug|x64.ActiveCfg = Debug|x64
		{FABFD3C0-65BD-421A-9FBA-881B6035EDC3}.Debug|x64.Build.0 = Debug|x64
		{FABFD3C0-65BD-421A-9FBA-881B6035EDC3}.MinSizeRel|x64.ActiveCfg = Release|x64
		{FABFD3C0-65BD-421A-9FBA-881B6035EDC3}.MinSizeRel|x64.Build.0 = Release|x64
		{FABFD3C0-65BD-421A-9FBA-881B6035EDC3}.Release|x64.ActiveCfg = Release|x64
		{FABFD3C0-65BD-421A-9FBA-881B6035EDC3}.Release|x64.Build.0 = Release|x64
		{FABFD3C0-65BD-421A-9FBA-881B6035EDC3}.RelWithDebInfo|x64.ActiveCfg = Release|x64
		{FABFD3C0-65BD-421A-9FBA-881B6035EDC3}.RelWithDebInfo|x64.Build.0 = Release|x64
		{B13BDA56-9331-4E08-A4A3-9EEF19A05458}.Debug|x64.ActiveCfg = Debug|x64
		{B13BDA56-9331-4E08-A4A3-9EEF19A05458}.Debug|x64.Build.0 = Debug|x64
		{B13BDA56-9331-4E08-A4A3-9EEF19A05458}.MinSizeRel|x64.ActiveCfg = Release|x64
		{B13BDA56-9331-4E08-A4A3-9EEF19A05458}.MinSizeRel|x64.Build.0 = Release|x64
		{B13BDA56-9331-4E08-A4A3-9EEF19A05458}.Release|x64.ActiveCfg = Release|x64
		{B13BDA56-9331-4E08-A4A3-9EEF19A05458}.Release|x64.Build.0 = Release|x64
		{B13BDA56-9331-4E08-A4A3-9EEF19A05458}.RelWithDebInfo|x64.ActiveCfg = Release|x64
		{B13BDA56-9331-4E08-A4A3-9EEF19A05458}.RelWithDebInfo|x64.Build.0 = Release|x64
		{7A215D8D-DE1A-4CD4-8E9A-5EC2181C227D}.Debug|x64.ActiveCfg = Debug|x64
		{7A215D8D-DE1A-4CD4-8E9A-5EC2181C227D}.Debug|x64.Build.0 = Debug|x64
		{7A215D8D-DE1A-4CD4-8E9A-5EC2181C227D}.MinSizeRel|x64.ActiveCfg = Debug|x64
		{7A215D8D-DE1A-4CD4-8E9A-5EC2181C227D}.MinSizeRel|x64.Build.0 = Debug|x64
		{7A215D8D-DE1A-4CD4-8E9A-5EC2181C227D}.Release|x64.ActiveCfg = Release|x64
		{7A215D8D-DE1A-4CD4-8E9A-5EC2181C227D}.Release|x64.Build.0 = Release|x64
		{7A215D8D-DE1A-4CD4-8E9A-5EC2181C227D}.RelWithDebInfo|x64.ActiveCfg = Release|x64
		{7A215D8D-DE1A-4CD4-8E9A-5EC2181C227D}.RelWithDebInfo|x64.Build.0 = Release|x64
		{019DBD2A-273D-4BA4-BF86-B5EFE2ED76B1}.Debug|x64.ActiveCfg = Release|x64
		{019DBD2A-273D-4BA4-BF86-B5EFE2ED76B1}.Debug|x64.Build.0 = Release|x64
		{019DBD2A-273D-4BA4-BF86-B5EFE2ED76B1}.MinSizeRel|x64.ActiveCfg = Release|x64
		{019DBD2A-273D-4BA4-BF86-B5EFE2ED76B1}.MinSizeRel|x64.Build.0 = Release|x64
		{019DBD2A-273D-4BA4-BF86-B5EFE2ED76B1}.Release|x64.ActiveCfg = Release|x64
		{019DBD2A-273D-4BA4-BF86-B5EFE2ED76B1}.Release|x64.Build.0 = Release|x64
		{019DBD2A-273D-4BA4-BF86-B5EFE2ED76B1}.RelWithDebInfo|x64.ActiveCfg = Release|x64
		{019DBD2A-273D-4BA4-BF86-B5EFE2ED76B1}.RelWithDebInfo|x64.Build.0 = Release|x64
		{D6973076-9317-4EF2-A0B8-B7A18AC0713E}.Debug|x64.ActiveCfg = Debug|x64
		{D6973076-9317-4EF2-A0B8-B7A18AC0713E}.Debug|x64.Build.0 = Debug|x64
		{D6973076-9317-4EF2-A0B8-B7A18AC0713E}.MinSizeRel|x64.ActiveCfg = Debug|x64
		{D6973076-9317-4EF2-A0B8-B7A18AC0713E}.MinSizeRel|x64.Build.0 = Debug|x64
		{D6973076-9317-4EF2-A0B8-B7A18AC0713E}.Release|x64.ActiveCfg = Release|x64
		{D6973076-9317-4EF2-A0B8-B7A18AC0713E}.Release|x64.Build.0 = Release|x64
		{D6973076-9317-4EF2-A0B8-B7A18AC0713E}.RelWithDebInfo|x64.ActiveCfg = Release|x64
		{D6973076-9317-4EF2-A0B8-B7A18AC0713E}.RelWithDebInfo|x64.Build.0 = Release|x64
		{87DCFF1B-439A-4CED-9817-7A9AB16F8369}.Debug|x64.ActiveCfg = Debug|x64
		{87DCFF1B-439A-4CED-9817-7A9AB16F8369}.Debug|x64.Build.0 = Debug|x64
		{87DCFF1B-439A-4CED-9817-7A9AB16F8369}.MinSizeRel|x64.ActiveCfg = Debug|x64
		{87DCFF1B-439A-4CED-9817-7A9AB16F8369}.MinSizeRel|x64.Build.0 = Debug|x64
		{87DCFF1B-439A-4CED-9817-7A9AB16F8369}.Release|x64.ActiveCfg = Release|x64
		{87DCFF1B-439A-4CED-9817-7A9AB16F8369}.Release|x64.Build.0 = Release|x64
		{87DCFF1B-439A-4CED-9817-7A9AB16F8369}.RelWithDebInfo|x64.ActiveCfg = Release|x64
		{87DCFF1B-439A-4CED-9817-7A9AB16F8369}.RelWithDebInfo|x64.Build.0 = Release|x64
		{FB5851C1-74C7-3E58-A2DC-6BFA94B33C7B}.Debug|x64.ActiveCfg = Debug|x64
		{FB5851C1-74C7-3E58-A2DC-6BFA94B33C7B}.Debug|x64.Build.0 = Debug|x64
		{FB5851C1-74C7-3E58-A2DC-6BFA94B33C7B}.MinSizeRel|x64.ActiveCfg = MinSizeRel|x64
		{FB5851C1-74C7-3E58-A2DC-6BFA94B33C7B}.MinSizeRel|x64.Build.0 = MinSizeRel|x64
		{FB5851C1-74C7-3E58-A2DC-6BFA94B33C7B}.Release|x64.ActiveCfg = Release|x64
		{FB5851C1-74C7-3E58-A2DC-6BFA94B33C7B}.Release|x64.Build.0 = Release|x64
		{FB5851C1-74C7-3E58-A2DC-6BFA94B33C7B}.RelWithDebInfo|x64.ActiveCfg = RelWithDebInfo|x64
		{FB5851C1-74C7-3E58-A2DC-6BFA94B33C7B}.RelWithDebInfo|x64.Build.0 = RelWithDebInfo|x64
		{0A70E8FB-694F-4A29-82DA-C2B4961FEEF1}.Debug|x64.ActiveCfg = Debug|x64
		{0A70E8FB-694F-4A29-82DA-C2B4961FEEF1}.Debug|x64.Build.0 = Debug|x64
		{0A70E8FB-694F-4A29-82DA-C2B4961FEEF1}.MinSizeRel|x64.ActiveCfg = Debug|x64
		{0A70E8FB-694F-4A29-82DA-C2B4961FEEF1}.MinSizeRel|x64.Build.0 = Debug|x64
		{0A70E8FB-694F-4A29-82DA-C2B4961FEEF1}.Release|x64.ActiveCfg = Release|x64
		{0A70E8FB-694F-4A29-82DA-C2B4961FEEF1}.Release|x64.Build.0 = Release|x64
		{0A70E8FB-694F-4A29-82DA-C2B4961FEEF1}.RelWithDebInfo|x64.ActiveCfg = Release|x64
		{0A70E8FB-694F-4A29-82DA-C2B4961FEEF1}.RelWithDebInfo|x64.Build.0 = Release|x64
		{CF373155-3141-4004-8009-BBADBBD9F4BE}.Debug|x64.ActiveCfg = Debug|x64
		{CF373155-3141-4004-8009-BBADBBD9F4BE}.Debug|x64.Build.0 = Debug|x64
		{CF373155-3141-4004-8009-BBADBBD9F4BE}.MinSizeRel|x64.ActiveCfg = Debug|x64
		{CF373155-3141-4004-8009-BBADBBD9F4BE}.MinSizeRel|x64.Build.0 = Debug|x64
		{CF373155-3141-4004-8009-BBADBBD9F4BE}.Release|x64.ActiveCfg = Release|x64
		{CF373155-3141-4004-8009-BBADBBD9F4BE}.Release|x64.Build.0 = Release|x64
		{CF373155-3141-4004-8009-BBADBBD9F4BE}.RelWithDebInfo|x64.ActiveCfg = Release|x64
		{CF373155-3141-4004-8009-BBADBBD9F4BE}.RelWithDebInfo|x64.Build.0 = Release|x64
		{AEDBD46E-55D1-49DD-AA2E-4F671E41FAC0}.Debug|x64.ActiveCfg = Debug|x64
		{AEDBD46E-55D1-49DD-AA2E-4F671E41FAC0}.Debug|x64.Build.0 = Debug|x64
		{AEDBD46E-55D1-49DD-AA2E-4F671E41FAC0}.MinSizeRel|x64.ActiveCfg = Debug|x64
		{AEDBD46E-55D1-49DD-AA2E-4F671E41FAC0}.MinSizeRel|x64.Build.0 = Debug|x64
		{AEDBD46E-55D1-49DD-AA2E-4F671E41FAC0}.Release|x64.ActiveCfg = Release|x64
		{AEDBD46E-55D1-49DD-AA2E-4F671E41FAC0}.Release|x64.Build.0 = Release|x64
		{AEDBD46E-55D1-49DD-AA2E-4F671E41FAC0}.RelWithDebInfo|x64.ActiveCfg = Release|x64
		{AEDBD46E-55D1-49DD-AA2E-4F671E41FAC0}.RelWithDebInfo|x64.Build.0 = Release|x64
		{8A64F2AA-224C-4D98-AB28-8BF78B73127E}.Debug|x64.ActiveCfg = Debug|x64
		{8A64F2AA-224C-4D98-AB28-8BF78B73127E}.Debug|x64.Build.0 = Debug|x64
		{8A64F2AA-224C-4D98-AB28-8BF78B73127E}.MinSizeRel|x64.ActiveCfg = Debug|x64
		{8A64F2AA-224C-4D98-AB28-8BF78B73127E}.MinSizeRel|x64.Build.0 = Debug|x64
		{8A64F2AA-224C-4D98-AB28-8BF78B73127E}.Release|x64.ActiveCfg = Release|x64
		{8A64F2AA-224C-4D98-AB28-8BF78B73127E}.Release|x64.Build.0 = Release|x64
		{8A64F2AA-224C-4D98-AB28-8BF78B73127E}.RelWithDebInfo|x64.ActiveCfg = Release|x64
		{8A64F2AA-224C-4D98-AB28-8BF78B73127E}.RelWithDebInfo|x64.Build.0 = Release|x64
		{E4BF1D52-5D4B-4CEB-B1F8-A99F8C909BFA}.Debug|x64.ActiveCfg = Debug|x64
		{E4BF1D52-5D4B-4CEB-B1F8-A99F8C909BFA}.Debug|x64.Build.0 = Debug|x64
		{E4BF1D52-5D4B-4CEB-B1F8-A99F8C909BFA}.MinSizeRel|x64.ActiveCfg = Debug|x64
		{E4BF1D52-5D4B-4CEB-B1F8-A99F8C909BFA}.MinSizeRel|x64.Build.0 = Debug|x64
		{E4BF1D52-5D4B-4CEB-B1F8-A99F8C909BFA}.Release|x64.ActiveCfg = Release|x64
		{E4BF1D52-5D4B-4CEB-B1F8-A99F8C909BFA}.Release|x64.Build.0 = Release|x64
		{E4BF1D52-5D4B-4CEB-B1F8-A99F8C909BFA}.RelWithDebInfo|x64.ActiveCfg = Release|x64
		{E4BF1D52-5D4B-4CEB-B1F8-A99F8C909BFA}.RelWithDebInfo|x64.Build.0 = Release|x64
		{EBC1E576-3D9A-4B21-BDF9-E6205544D5B0}.Debug|x64.ActiveCfg = Debug|x64
		{EBC1E576-3D9A-4B21-BDF9-E6205544D5B0}.Debug|x64.Build.0 = Debug|x64
		{EBC1E576-3D9A-4B21-BDF9-E6205544D5B0}.MinSizeRel|x64.ActiveCfg = Debug|x64
		{EBC1E576-3D9A-4B21-BDF9-E6205544D5B0}.MinSizeRel|x64.Build.0 = Debug|x64
		{EBC1E576-3D9A-4B21-BDF9-E6205544D5B0}.Release|x64.ActiveCfg = Release|x64
		{EBC1E576-3D9A-4B21-BDF9-E6205544D5B0}.Release|x64.Build.0 = Release|x64
		{EBC1E576-3D9A-4B21-BDF9-E6205544D5B0}.RelWithDebInfo|x64.ActiveCfg = Release|x64
		{EBC1E576-3D9A-4B21-BDF9-E6205544D5B0}.RelWithDebInfo|x64.Build.0 = Release|x64
		{32893402-5FFF-490F-94A1-73D290F12056}.Debug|x64.ActiveCfg = Debug|x64
		{32893402-5FFF-490F-94A1-73D290F12056}.Debug|x64.Build.0 = Debug|x64
		{32893402-5FFF-490F-94A1-73D290F12056}.MinSizeRel|x64.ActiveCfg = Debug|x64
		{32893402-5FFF-490F-94A1-73D290F12056}.MinSizeRel|x64.Build.0 = Debug|x64
		{32893402-5FFF-490F-94A1-73D290F12056}.Release|x64.ActiveCfg = Release|x64
		{32893402-5FFF-490F-94A1-73D290F12056}.Release|x64.Build.0 = Release|x64
		{32893402-5FFF-490F-94A1-73D290F12056}.RelWithDebInfo|x64.ActiveCfg = Release|x64
		{32893402-5FFF-490F-94A1-73D290F12056}.RelWithDebInfo|x64.Build.0 = Release|x64
		{6E3E7006-0374-4937-A7B4-5086B57143E4}.Debug|x64.ActiveCfg = Debug|x64
		{6E3E7006-0374-4937-A7B4-5086B57143E4}.Debug|x64.Build.0 = Debug|x64
		{6E3E7006-0374-4937-A7B4-5086B57143E4}.MinSizeRel|x64.ActiveCfg = Debug|x64
		{6E3E7006-0374-4937-A7B4-5086B57143E4}.MinSizeRel|x64.Build.0 = Debug|x64
		{6E3E7006-0374-4937-A7B4-5086B57143E4}.Release|x64.ActiveCfg = Release|x64
		{6E3E7006-0374-4937-A7B4-5086B57143E4}.Release|x64.Build.0 = Release|x64
		{6E3E7006-0374-4937-A7B4-5086B57143E4}.RelWithDebInfo|x64.ActiveCfg = Release|x64
		{6E3E7006-0374-4937-A7B4-5086B57143E4}.RelWithDebInfo|x64.Build.0 = Release|x64
		{C69849F2-53BE-4D4A-8EA2-6E94D17554F4}.Debug|x64.ActiveCfg = Debug|x64
		{C69849F2-53BE-4D4A-8EA2-6E94D17554F4}.Debug|x64.Build.0 = Debug|x64
		{C69849F2-53BE-4D4A-8EA2-6E94D17554F4}.MinSizeRel|x64.ActiveCfg = Debug|x64
		{C69849F2-53BE-4D4A-8EA2-6E94D17554F4}.MinSizeRel|x64.Build.0 = Debug|x64
		{C69849F2-53BE-4D4A-8EA2-6E94D17554F4}.Release|x64.ActiveCfg = Release|x64
		{C69849F2-53BE-4D4A-8EA2-6E94D17554F4}.Release|x64.Build.0 = Release|x64
		{C69849F2-53BE-4D4A-8EA2-6E94D17554F4}.RelWithDebInfo|x64.ActiveCfg = Release|x64
		{C69849F2-53BE-4D4A-8EA2-6E94D17554F4}.RelWithDebInfo|x64.Build.0 = Release|x64
		{623BFE38-600E-472D-A6BA-67B8B53B254E}.Debug|x64.ActiveCfg = Debug|x64
		{623BFE38-600E-472D-A6BA-67B8B53B254E}.Debug|x64.Build.0 = Debug|x64
		{623BFE38-600E-472D-A6BA-67B8B53B254E}.MinSizeRel|x64.ActiveCfg = Debug|x64
		{623BFE38-600E-472D-A6BA-67B8B53B254E}.MinSizeRel|x64.Build.0 = Debug|x64
		{623BFE38-600E-472D-A6BA-67B8B53B254E}.Release|x64.ActiveCfg = Release|x64
		{623BFE38-600E-472D-A6BA-67B8B53B254E}.Release|x64.Build.0 = Release|x64
		{623BFE38-600E-472D-A6BA-67B8B53B254E}.RelWithDebInfo|x64.ActiveCfg = Release|x64
		{623BFE38-600E-472D-A6BA-67B8B53B254E}.RelWithDebInfo|x64.Build.0 = Release|x64
		{F7BDAC30-1C04-4BE2-A3D4-87C3BCC5AC6E}.Debug|x64.ActiveCfg = Debug|x64
		{F7BDAC30-1C04-4BE2-A3D4-87C3BCC5AC6E}.Debug|x64.Build.0 = Debug|x64
		{F7BDAC30-1C04-4BE2-A3D4-87C3BCC5AC6E}.MinSizeRel|x64.ActiveCfg = Debug|x64
		{F7BDAC30-1C04-4BE2-A3D4-87C3BCC5AC6E}.MinSizeRel|x64.Build.0 = Debug|x64
		{F7BDAC30-1C04-4BE2-A3D4-87C3BCC5AC6E}.Release|x64.ActiveCfg = Release|x64
		{F7BDAC30-1C04-4BE2-A3D4-87C3BCC5AC6E}.Release|x64.Build.0 = Release|x64
		{F7BDAC30-1C04-4BE2-A3D4-87C3BCC5AC6E}.RelWithDebInfo|x64.ActiveCfg = Release|x64
		{F7BDAC30-1C04-4BE2-A3D4-87C3BCC5AC6E}.RelWithDebInfo|x64.Build.0 = Release|x64
		{1F88A5AF-A07A-4B13-8E5F-A3D0F4264F8A}.Debug|x64.ActiveCfg = Debug|x64
		{1F88A5AF-A07A-4B13-8E5F-A3D0F4264F8A}.Debug|x64.Build.0 = Debug|x64
		{1F88A5AF-A07A-4B13-8E5F-A3D0F4264F8A}.MinSizeRel|x64.ActiveCfg = Debug|x64
		{1F88A5AF-A07A-4B13-8E5F-A3D0F4264F8A}.MinSizeRel|x64.Build.0 = Debug|x64
		{1F88A5AF-A07A-4B13-8E5F-A3D0F4264F8A}.Release|x64.ActiveCfg = Release|x64
		{1F88A5AF-A07A-4B13-8E5F-A3D0F4264F8A}.Release|x64.Build.0 = Release|x64
		{1F88A5AF-A07A-4B13-8E5F-A3D0F4264F8A}.RelWithDebInfo|x64.ActiveCfg = Release|x64
		{1F88A5AF-A07A-4B13-8E5F-A3D0F4264F8A}.RelWithDebInfo|x64.Build.0 = Release|x64
		{C447B458-33EF-4410-B3AF-034F7516ADED}.Debug|x64.ActiveCfg = Debug|x64
		{C447B458-33EF-4410-B3AF-034F7516ADED}.Debug|x64.Build.0 = Debug|x64
		{C447B458-33EF-4410-B3AF-034F7516ADED}.MinSizeRel|x64.ActiveCfg = Debug|x64
		{C447B458-33EF-4410-B3AF-034F7516ADED}.MinSizeRel|x64.Build.0 = Debug|x64
		{C447B458-33EF-4410-B3AF-034F7516ADED}.Release|x64.ActiveCfg = Release|x64
		{C447B458-33EF-4410-B3AF-034F7516ADED}.Release|x64.Build.0 = Release|x64
		{C447B458-33EF-4410-B3AF-034F7516ADED}.RelWithDebInfo|x64.ActiveCfg = Release|x64
		{C447B458-33EF-4410-B3AF-034F7516ADED}.RelWithDebInfo|x64.Build.0 = Release|x64
		{7384D195-A389-4374-B7DB-253C7623C0DD}.Debug|x64.ActiveCfg = Debug|x64
		{7384D195-A389-4374-B7DB-253C7623C0DD}.Debug|x64.Build.0 = Debug|x64
		{7384D195-A389-4374-B7DB-253C7623C0DD}.MinSizeRel|x64.ActiveCfg = Debug|x64
		{7384D195-A389-4374-B7DB-253C7623C0DD}.MinSizeRel|x64.Build.0 = Debug|x64
		{7384D195-A389-4374-B7DB-253C7623C0DD}.Release|x64.ActiveCfg = Release|x64
		{7384D195-A389-4374-B7DB-253C7623C0DD}.Release|x64.Build.0 = Release|x64
		{7384D195-A389-4374-B7DB-253C7623C0DD}.RelWithDebInfo|x64.ActiveCfg = Release|x64
		{7384D195-A389-4374-B7DB-253C7623C0DD}.RelWithDebInfo|x64.Build.0 = Release|x64
		{F2F1A550-0ABD-45D1-9EA5-315851AAE188}.Debug|x64.ActiveCfg = Debug|x64
		{F2F1A550-0ABD-45D1-9EA5-315851AAE188}.Debug|x64.Build.0 = Debug|x64
		{F2F1A550-0ABD-45D1-9EA5-315851AAE188}.MinSizeRel|x64.ActiveCfg = Debug|x64
		{F2F1A550-0ABD-45D1-9EA5-315851AAE188}.MinSizeRel|x64.Build.0 = Debug|x64
		{F2F1A550-0ABD-45D1-9EA5-315851AAE188}.Release|x64.ActiveCfg = Release|x64
		{F2F1A550-0ABD-45D1-9EA5-315851AAE188}.Release|x64.Build.0 = Release|x64
		{F2F1A550-0ABD-45D1-9EA5-315851AAE188}.RelWithDebInfo|x64.ActiveCfg = Release|x64
		{F2F1A550-0ABD-45D1-9EA5-315851AAE188}.RelWithDebInfo|x64.Build.0 = Release|x64
		{BFF240E3-B47D-4550-BF54-3A0AFC4B0380}.Debug|x64.ActiveCfg = Debug|x64
		{BFF240E3-B47D-4550-BF54-3A0AFC4B0380}.Debug|x64.Build.0 = Debug|x64
		{BFF240E3-B47D-4550-BF54-3A0AFC4B0380}.MinSizeRel|x64.ActiveCfg = Debug|x64
		{BFF240E3-B47D-4550-BF54-3A0AFC4B0380}.MinSizeRel|x64.Build.0 = Debug|x64
		{BFF240E3-B47D-4550-BF54-3A0AFC4B0380}.Release|x64.ActiveCfg = Release|x64
		{BFF240E3-B47D-4550-BF54-3A0AFC4B0380}.Release|x64.Build.0 = Release|x64
		{BFF240E3-B47D-4550-BF54-3A0AFC4B0380}.RelWithDebInfo|x64.ActiveCfg = Release|x64
		{BFF240E3-B47D-4550-BF54-3A0AFC4B0380}.RelWithDebInfo|x64.Build.0 = Release|x64
		{BDC8F12E-D4BB-4AC9-91CF-6C7A4F82B273}.Debug|x64.ActiveCfg = Debug|x64
		{BDC8F12E-D4BB-4AC9-91CF-6C7A4F82B273}.Debug|x64.Build.0 = Debug|x64
		{BDC8F12E-D4BB-4AC9-91CF-6C7A4F82B273}.MinSizeRel|x64.ActiveCfg = Debug|x64
		{BDC8F12E-D4BB-4AC9-91CF-6C7A4F82B273}.MinSizeRel|x64.Build.0 = Debug|x64
		{BDC8F12E-D4BB-4AC9-91CF-6C7A4F82B273}.Release|x64.ActiveCfg = Release|x64
		{BDC8F12E-D4BB-4AC9-91CF-6C7A4F82B273}.Release|x64.Build.0 = Release|x64
		{BDC8F12E-D4BB-4AC9-91CF-6C7A4F82B273}.RelWithDebInfo|x64.ActiveCfg = Release|x64
		{BDC8F12E-D4BB-4AC9-91CF-6C7A4F82B273}.RelWithDebInfo|x64.Build.0 = Release|x64
		{C5BD1804-D480-491A-B952-8DCC46DC8843}.Debug|x64.ActiveCfg = Debug|x64
		{C5BD1804-D480-491A-B952-8DCC46DC8843}.Debug|x64.Build.0 = Debug|x64
		{C5BD1804-D480-491A-B952-8DCC46DC8843}.MinSizeRel|x64.ActiveCfg = Debug|x64
		{C5BD1804-D480-491A-B952-8DCC46DC8843}.MinSizeRel|x64.Build.0 = Debug|x64
		{C5BD1804-D480-491A-B952-8DCC46DC8843}.Release|x64.ActiveCfg = Release|x64
		{C5BD1804-D480-491A-B952-8DCC46DC8843}.Release|x64.Build.0 = Release|x64
		{C5BD1804-D480-491A-B952-8DCC46DC8843}.RelWithDebInfo|x64.ActiveCfg = Release|x64
		{C5BD1804-D480-491A-B952-8DCC46DC8843}.RelWithDebInfo|x64.Build.0 = Release|x64
		{8801EF8B-F1B2-4E1E-B9AD-1AF2CAEDE6C7}.Debug|x64.ActiveCfg = Debug|x64
		{8801EF8B-F1B2-4E1E-B9AD-1AF2CAEDE6C7}.Debug|x64.Build.0 = Debug|x64
		{8801EF8B-F1B2-4E1E-B9AD-1AF2CAEDE6C7}.MinSizeRel|x64.ActiveCfg = Debug|x64
		{8801EF8B-F1B2-4E1E-B9AD-1AF2CAEDE6C7}.MinSizeRel|x64.Build.0 = Debug|x64
		{8801EF8B-F1B2-4E1E-B9AD-1AF2CAEDE6C7}.Release|x64.ActiveCfg = Release|x64
		{8801EF8B-F1B2-4E1E-B9AD-1AF2CAEDE6C7}.Release|x64.Build.0 = Release|x64
		{8801EF8B-F1B2-4E1E-B9AD-1AF2CAEDE6C7}.RelWithDebInfo|x64.ActiveCfg = Release|x64
		{8801EF8B-F1B2-4E1E-B9AD-1AF2CAEDE6C7}.RelWithDebInfo|x64.Build.0 = Release|x64
		{0F647C2E-34FC-4D90-A5D2-765022868279}.Debug|x64.ActiveCfg = Debug|x64
		{0F647C2E-34FC-4D90-A5D2-765022868279}.Debug|x64.Build.0 = Debug|x64
		{0F647C2E-34FC-4D90-A5D2-765022868279}.MinSizeRel|x64.ActiveCfg = Debug|x64
		{0F647C2E-34FC-4D90-A5D2-765022868279}.MinSizeRel|x64.Build.0 = Debug|x64
		{0F647C2E-34FC-4D90-A5D2-765022868279}.Release|x64.ActiveCfg = Release|x64
		{0F647C2E-34FC-4D90-A5D2-765022868279}.Release|x64.Build.0 = Release|x64
		{0F647C2E-34FC-4D90-A5D2-765022868279}.RelWithDebInfo|x64.ActiveCfg = Release|x64
		{0F647C2E-34FC-4D90-A5D2-765022868279}.RelWithDebInfo|x64.Build.0 = Release|x64
		{18C3339B-54A1-43EA-98C1-61CD27085B55}.Debug|x64.ActiveCfg = Debug|x64
		{18C3339B-54A1-43EA-98C1-61CD27085B55}.Debug|x64.Build.0 = Debug|x64
		{18C3339B-54A1-43EA-98C1-61CD27085B55}.MinSizeRel|x64.ActiveCfg = Debug|x64
		{18C3339B-54A1-43EA-98C1-61CD27085B55}.MinSizeRel|x64.Build.0 = Debug|x64
		{18C3339B-54A1-43EA-98C1-61CD27085B55}.Release|x64.ActiveCfg = Release|x64
		{18C3339B-54A1-43EA-98C1-61CD27085B55}.Release|x64.Build.0 = Release|x64
		{18C3339B-54A1-43EA-98C1-61CD27085B55}.RelWithDebInfo|x64.ActiveCfg = Release|x64
		{18C3339B-54A1-43EA-98C1-61CD27085B55}.RelWithDebInfo|x64.Build.0 = Release|x64
		{F616E7C2-A2F7-4E02-8446-9FE053A4B7CD}.Debug|x64.ActiveCfg = Debug|x64
		{F616E7C2-A2F7-4E02-8446-9FE053A4B7CD}.Debug|x64.Build.0 = Debug|x64
		{F616E7C2-A2F7-4E02-8446-9FE053A4B7CD}.MinSizeRel|x64.ActiveCfg = Debug|x64
		{F616E7C2-A2F7-4E02-8446-9FE053A4B7CD}.MinSizeRel|x64.Build.0 = Debug|x64
		{F616E7C2-A2F7-4E02-8446-9FE053A4B7CD}.Release|x64.ActiveCfg = Release|x64
		{F616E7C2-A2F7-4E02-8446-9FE053A4B7CD}.Release|x64.Build.0 = Release|x64
		{F616E7C2-A2F7-4E02-8446-9FE053A4B7CD}.RelWithDebInfo|x64.ActiveCfg = Release|x64
		{F616E7C2-A2F7-4E02-8446-9FE053A4B7CD}.RelWithDebInfo|x64.Build.0 = Release|x64
		{3CCA0623-8D13-410E-9556-11B6B4CDB9E1}.Debug|x64.ActiveCfg = Debug|x64
		{3CCA0623-8D13-410E-9556-11B6B4CDB9E1}.Debug|x64.Build.0 = Debug|x64
		{3CCA0623-8D13-410E-9556-11B6B4CDB9E1}.MinSizeRel|x64.ActiveCfg = Debug|x64
		{3CCA0623-8D13-410E-9556-11B6B4CDB9E1}.MinSizeRel|x64.Build.0 = Debug|x64
		{3CCA0623-8D13-410E-9556-11B6B4CDB9E1}.Release|x64.ActiveCfg = Release|x64
		{3CCA0623-8D13-410E-9556-11B6B4CDB9E1}.Release|x64.Build.0 = Release|x64
		{3CCA0623-8D13-410E-9556-11B6B4CDB9E1}.RelWithDebInfo|x64.ActiveCfg = Release|x64
		{3CCA0623-8D13-410E-9556-11B6B4CDB9E1}.RelWithDebInfo|x64.Build.0 = Release|x64
		{B08A979A-D398-4B98-B77F-7AFD291996CA}.Debug|x64.ActiveCfg = Debug|x64
		{B08A979A-D398-4B98-B77F-7AFD291996CA}.Debug|x64.Build.0 = Debug|x64
		{B08A979A-D398-4B98-B77F-7AFD291996CA}.MinSizeRel|x64.ActiveCfg = Debug|x64
		{B08A979A-D398-4B98-B77F-7AFD291996CA}.MinSizeRel|x64.Build.0 = Debug|x64
		{B08A979A-D398-4B98-B77F-7AFD291996CA}.Release|x64.ActiveCfg = Release|x64
		{B08A979A-D398-4B98-B77F-7AFD291996CA}.Release|x64.Build.0 = Release|x64
		{B08A979A-D398-4B98-B77F-7AFD291996CA}.RelWithDebInfo|x64.ActiveCfg = Release|x64
		{B08A979A-D398-4B98-B77F-7AFD291996CA}.RelWithDebInfo|x64.Build.0 = Release|x64
		{90F79639-9099-3A9A-BE75-9F0B168937CC}.Debug|x64.ActiveCfg = Debug|x64
		{90F79639-9099-3A9A-BE75-9F0B168937CC}.Debug|x64.Build.0 = Debug|x64
		{90F79639-9099-3A9A-BE75-9F0B168937CC}.MinSizeRel|x64.ActiveCfg = MinSizeRel|x64
		{90F79639-9099-3A9A-BE75-9F0B168937CC}.MinSizeRel|x64.Build.0 = MinSizeRel|x64
		{90F79639-9099-3A9A-BE75-9F0B168937CC}.Release|x64.ActiveCfg = Release|x64
		{90F79639-9099-3A9A-BE75-9F0B168937CC}.Release|x64.Build.0 = Release|x64
		{90F79639-9099-3A9A-BE75-9F0B168937CC}.RelWithDebInfo|x64.ActiveCfg = RelWithDebInfo|x64
		{90F79639-9099-3A9A-BE75-9F0B168937CC}.RelWithDebInfo|x64.Build.0 = RelWithDebInfo|x64
		{AD6D7AF6-9186-39E8-93A0-6BAB63B7F06B}.Debug|x64.ActiveCfg = Debug|x64
		{AD6D7AF6-9186-39E8-93A0-6BAB63B7F06B}.Debug|x64.Build.0 = Debug|x64
		{AD6D7AF6-9186-39E8-93A0-6BAB63B7F06B}.MinSizeRel|x64.ActiveCfg = MinSizeRel|x64
		{AD6D7AF6-9186-39E8-93A0-6BAB63B7F06B}.MinSizeRel|x64.Build.0 = MinSizeRel|x64
		{AD6D7AF6-9186-39E8-93A0-6BAB63B7F06B}.Release|x64.ActiveCfg = Release|x64
		{AD6D7AF6-9186-39E8-93A0-6BAB63B7F06B}.Release|x64.Build.0 = Release|x64
		{AD6D7AF6-9186-39E8-93A0-6BAB63B7F06B}.RelWithDebInfo|x64.ActiveCfg = RelWithDebInfo|x64
		{AD6D7AF6-9186-39E8-93A0-6BAB63B7F06B}.RelWithDebInfo|x64.Build.0 = RelWithDebInfo|x64
	EndGlobalSection
	GlobalSection(SolutionProperties) = preSolution
		HideSolutionNode = FALSE
	EndGlobalSection
	GlobalSection(NestedProjects) = preSolution
		{B13BDA56-9331-4E08-A4A3-9EEF19A05458} = {F4EBD574-8941-4AE9-9F7B-4F114BDE467A}
		{7A215D8D-DE1A-4CD4-8E9A-5EC2181C227D} = {F4EBD574-8941-4AE9-9F7B-4F114BDE467A}
		{019DBD2A-273D-4BA4-BF86-B5EFE2ED76B1} = {F4EBD574-8941-4AE9-9F7B-4F114BDE467A}
		{D6973076-9317-4EF2-A0B8-B7A18AC0713E} = {F4EBD574-8941-4AE9-9F7B-4F114BDE467A}
		{87DCFF1B-439A-4CED-9817-7A9AB16F8369} = {F4EBD574-8941-4AE9-9F7B-4F114BDE467A}
		{FB5851C1-74C7-3E58-A2DC-6BFA94B33C7B} = {F4EBD574-8941-4AE9-9F7B-4F114BDE467A}
		{0A70E8FB-694F-4A29-82DA-C2B4961FEEF1} = {F4EBD574-8941-4AE9-9F7B-4F114BDE467A}
		{CF373155-3141-4004-8009-BBADBBD9F4BE} = {B948E188-079A-4C65-80AA-FE2D407E051C}
		{AEDBD46E-55D1-49DD-AA2E-4F671E41FAC0} = {B948E188-079A-4C65-80AA-FE2D407E051C}
		{8A64F2AA-224C-4D98-AB28-8BF78B73127E} = {B948E188-079A-4C65-80AA-FE2D407E051C}
		{E4BF1D52-5D4B-4CEB-B1F8-A99F8C909BFA} = {B948E188-079A-4C65-80AA-FE2D407E051C}
		{EBC1E576-3D9A-4B21-BDF9-E6205544D5B0} = {B948E188-079A-4C65-80AA-FE2D407E051C}
		{32893402-5FFF-490F-94A1-73D290F12056} = {B948E188-079A-4C65-80AA-FE2D407E051C}
		{6E3E7006-0374-4937-A7B4-5086B57143E4} = {B948E188-079A-4C65-80AA-FE2D407E051C}
		{C69849F2-53BE-4D4A-8EA2-6E94D17554F4} = {B948E188-079A-4C65-80AA-FE2D407E051C}
		{623BFE38-600E-472D-A6BA-67B8B53B254E} = {B948E188-079A-4C65-80AA-FE2D407E051C}
		{F7BDAC30-1C04-4BE2-A3D4-87C3BCC5AC6E} = {B948E188-079A-4C65-80AA-FE2D407E051C}
		{1F88A5AF-A07A-4B13-8E5F-A3D0F4264F8A} = {B948E188-079A-4C65-80AA-FE2D407E051C}
		{C447B458-33EF-4410-B3AF-034F7516ADED} = {B948E188-079A-4C65-80AA-FE2D407E051C}
		{7384D195-A389-4374-B7DB-253C7623C0DD} = {B948E188-079A-4C65-80AA-FE2D407E051C}
		{F2F1A550-0ABD-45D1-9EA5-315851AAE188} = {B948E188-079A-4C65-80AA-FE2D407E051C}
		{BFF240E3-B47D-4550-BF54-3A0AFC4B0380} = {B948E188-079A-4C65-80AA-FE2D407E051C}
		{BDC8F12E-D4BB-4AC9-91CF-6C7A4F82B273} = {B948E188-079A-4C65-80AA-FE2D407E051C}
		{C5BD1804-D480-491A-B952-8DCC46DC8843} = {B948E188-079A-4C65-80AA-FE2D407E051C}
		{8801EF8B-F1B2-4E1E-B9AD-1AF2CAEDE6C7} = {B948E188-079A-4C65-80AA-FE2D407E051C}
		{0F647C2E-34FC-4D90-A5D2-765022868279} = {B948E188-079A-4C65-80AA-FE2D407E051C}
		{18C3339B-54A1-43EA-98C1-61CD27085B55} = {B948E188-079A-4C65-80AA-FE2D407E051C}
		{F616E7C2-A2F7-4E02-8446-9FE053A4B7CD} = {B948E188-079A-4C65-80AA-FE2D407E051C}
		{3CCA0623-8D13-410E-9556-11B6B4CDB9E1} = {B948E188-079A-4C65-80AA-FE2D407E051C}
		{B08A979A-D398-4B98-B77F-7AFD291996CA} = {B948E188-079A-4C65-80AA-FE2D407E051C}
		{90F79639-9099-3A9A-BE75-9F0B168937CC} = {F4EBD574-8941-4AE9-9F7B-4F114BDE467A}
		{AD6D7AF6-9186-39E8-93A0-6BAB63B7F06B} = {F4EBD574-8941-4AE9-9F7B-4F114BDE467A}
	EndGlobalSection
	GlobalSection(ExtensibilityGlobals) = postSolution
		SolutionGuid = {07FCBA1A-FA3C-4294-96CD-E4A3F06CCF0F}
	EndGlobalSection
EndGlobal
