<?xml version="1.0" encoding="utf-8"?>
<Project ToolsVersion="4.0" xmlns="http://schemas.microsoft.com/developer/msbuild/2003">
  <ItemGroup>
    <Filter Include="Form Files">
      <UniqueIdentifier>{99349809-55BA-4b9d-BF79-8FDBB0286EB3}</UniqueIdentifier>
      <Extensions>ui</Extensions>
      <ParseFiles>false</ParseFiles>
    </Filter>
    <Filter Include="Form Files">
      <UniqueIdentifier>{99349809-55BA-4b9d-BF79-8FDBB0286EB3}</UniqueIdentifier>
      <Extensions>ui</Extensions>
      <ParseFiles>false</ParseFiles>
    </Filter>
    <Filter Include="Generated Files">
      <UniqueIdentifier>{71ED8ED8-ACB9-4CE9-BBE1-E00B30144E11}</UniqueIdentifier>
      <Extensions>cpp;c;cxx;moc;h;def;odl;idl;res;</Extensions>
    </Filter>
    <Filter Include="Generated Files">
      <UniqueIdentifier>{71ED8ED8-ACB9-4CE9-BBE1-E00B30144E11}</UniqueIdentifier>
      <Extensions>cpp;c;cxx;moc;h;def;odl;idl;res;</Extensions>
    </Filter>
    <Filter Include="Header Files">
      <UniqueIdentifier>{93995380-89BD-4b04-88EB-625FBE52EBFB}</UniqueIdentifier>
      <Extensions>h;hpp;hxx;hm;inl;inc;xsd</Extensions>
    </Filter>
    <Filter Include="Header Files">
      <UniqueIdentifier>{93995380-89BD-4b04-88EB-625FBE52EBFB}</UniqueIdentifier>
      <Extensions>h;hpp;hxx;hm;inl;inc;xsd</Extensions>
    </Filter>
    <Filter Include="Resource Files">
      <UniqueIdentifier>{D9D6E242-F8AF-46E4-B9FD-80ECBC20BA3E}</UniqueIdentifier>
      <Extensions>qrc;*</Extensions>
      <ParseFiles>false</ParseFiles>
    </Filter>
    <Filter Include="Resource Files">
      <UniqueIdentifier>{D9D6E242-F8AF-46E4-B9FD-80ECBC20BA3E}</UniqueIdentifier>
      <Extensions>qrc;*</Extensions>
      <ParseFiles>false</ParseFiles>
    </Filter>
    <Filter Include="Source Files">
      <UniqueIdentifier>{4FC737F1-C7A5-4376-A066-2A32D752A2FF}</UniqueIdentifier>
      <Extensions>cpp;c;cxx;def;odl;idl;hpj;bat;asm;asmx</Extensions>
    </Filter>
    <Filter Include="Source Files">
      <UniqueIdentifier>{4FC737F1-C7A5-4376-A066-2A32D752A2FF}</UniqueIdentifier>
      <Extensions>cpp;c;cxx;def;odl;idl;hpj;bat;asm;asmx</Extensions>
    </Filter>
    <Filter Include="Generated Files\Debug">
      <UniqueIdentifier>{7f76fbb1-b700-456a-b758-80e49eb1a0e8}</UniqueIdentifier>
      <Extensions>cpp;moc</Extensions>
      <SourceControlFiles>False</SourceControlFiles>
    </Filter>
    <Filter Include="Generated Files\Release">
      <UniqueIdentifier>{609491d2-914b-41a6-813b-c1ce57794da7}</UniqueIdentifier>
      <Extensions>cpp;moc</Extensions>
      <SourceControlFiles>False</SourceControlFiles>
    </Filter>
    <Filter Include="Common">
      <UniqueIdentifier>{4134bc35-e08c-4a83-b597-cf22ea6b10d6}</UniqueIdentifier>
    </Filter>
    <Filter Include="Stages">
      <UniqueIdentifier>{7e8fea05-eb66-45a4-961a-b2b75521179f}</UniqueIdentifier>
    </Filter>
  </ItemGroup>
  <ItemGroup>
    <ClCompile Include="ConfigDlg.cpp">
      <Filter>Source Files</Filter>
    </ClCompile>
    <ClCompile Include="MainWindow.cpp">
      <Filter>Source Files</Filter>
    </ClCompile>
    <ClCompile Include="main.cpp">
      <Filter>Source Files</Filter>
    </ClCompile>
    <ClCompile Include="Debug\moc_ConfigDlg.cpp">
      <Filter>Generated Files\Debug</Filter>
    </ClCompile>
    <ClCompile Include="Release\moc_ConfigDlg.cpp">
      <Filter>Generated Files\Release</Filter>
    </ClCompile>
    <ClCompile Include="Debug\moc_OutputWindow.cpp">
      <Filter>Generated Files\Debug</Filter>
    </ClCompile>
    <ClCompile Include="Release\moc_OutputWindow.cpp">
      <Filter>Generated Files\Release</Filter>
    </ClCompile>
    <ClCompile Include="OutputWindow.cpp">
      <Filter>Source Files</Filter>
    </ClCompile>
    <ClCompile Include="MetaDataDlg.cpp">
      <Filter>Source Files</Filter>
    </ClCompile>
    <ClCompile Include="Debug\moc_MetaDataDlg.cpp">
      <Filter>Generated Files\Debug</Filter>
    </ClCompile>
    <ClCompile Include="Release\moc_MetaDataDlg.cpp">
      <Filter>Generated Files\Release</Filter>
    </ClCompile>
    <ClCompile Include="GeneratedFiles\qrc_AeroMap.cpp">
      <Filter>Generated Files</Filter>
    </ClCompile>
    <ClCompile Include="Debug\moc_ScaleColorDlg.cpp">
      <Filter>Generated Files\Debug</Filter>
    </ClCompile>
    <ClCompile Include="Release\moc_ScaleColorDlg.cpp">
      <Filter>Generated Files\Release</Filter>
    </ClCompile>
    <ClCompile Include="Debug\moc_ScaleColorWidget.cpp">
      <Filter>Generated Files\Debug</Filter>
    </ClCompile>
    <ClCompile Include="Release\moc_ScaleColorWidget.cpp">
      <Filter>Generated Files\Release</Filter>
    </ClCompile>
    <ClCompile Include="ScaleColor.cpp">
      <Filter>Source Files</Filter>
    </ClCompile>
    <ClCompile Include="ScaleColorDlg.cpp">
      <Filter>Source Files</Filter>
    </ClCompile>
    <ClCompile Include="ScaleColorWidget.cpp">
      <Filter>Source Files</Filter>
    </ClCompile>
    <ClCompile Include="Debug\moc_ProjectWindow.cpp">
      <Filter>Generated Files\Debug</Filter>
    </ClCompile>
    <ClCompile Include="Release\moc_ProjectWindow.cpp">
      <Filter>Generated Files\Release</Filter>
    </ClCompile>
    <ClCompile Include="ProjectWindow.cpp">
      <Filter>Source Files</Filter>
    </ClCompile>
    <ClCompile Include="Tool.cpp">
      <Filter>Source Files</Filter>
    </ClCompile>
    <ClCompile Include="Debug\moc_Tool.cpp">
      <Filter>Generated Files\Debug</Filter>
    </ClCompile>
    <ClCompile Include="Release\moc_Tool.cpp">
      <Filter>Generated Files\Release</Filter>
    </ClCompile>
    <ClCompile Include="ContourDlg.cpp">
      <Filter>Source Files</Filter>
    </ClCompile>
    <ClCompile Include="Debug\moc_ContourDlg.cpp">
      <Filter>Generated Files\Debug</Filter>
    </ClCompile>
    <ClCompile Include="Release\moc_ContourDlg.cpp">
      <Filter>Generated Files\Release</Filter>
    </ClCompile>
    <ClCompile Include="LightWindow.cpp">
      <Filter>Source Files</Filter>
    </ClCompile>
    <ClCompile Include="Debug\moc_LightWindow.cpp">
      <Filter>Generated Files\Debug</Filter>
    </ClCompile>
    <ClCompile Include="Release\moc_LightWindow.cpp">
      <Filter>Generated Files\Release</Filter>
    </ClCompile>
    <ClCompile Include="Debug\moc_Project.cpp">
      <Filter>Generated Files\Debug</Filter>
    </ClCompile>
    <ClCompile Include="Release\moc_Project.cpp">
      <Filter>Generated Files\Release</Filter>
    </ClCompile>
    <ClCompile Include="Project.cpp">
      <Filter>Source Files</Filter>
    </ClCompile>
    <ClCompile Include="ElevationDlg.cpp">
      <Filter>Source Files</Filter>
    </ClCompile>
    <ClCompile Include="Debug\moc_ElevationDlg.cpp">
      <Filter>Generated Files\Debug</Filter>
    </ClCompile>
    <ClCompile Include="Release\moc_ElevationDlg.cpp">
      <Filter>Generated Files\Release</Filter>
    </ClCompile>
    <ClCompile Include="SkyBox.cpp">
      <Filter>Source Files</Filter>
    </ClCompile>
    <ClCompile Include="Gis.cpp">
      <Filter>Source Files</Filter>
    </ClCompile>
    <ClCompile Include="Debug\moc_MainWindow.cpp">
      <Filter>Generated Files\Debug</Filter>
    </ClCompile>
    <ClCompile Include="ShaderLib.cpp">
      <Filter>Source Files</Filter>
    </ClCompile>
    <ClCompile Include="ProfileWindow.cpp">
      <Filter>Source Files</Filter>
    </ClCompile>
    <ClCompile Include="Debug\moc_ProfileWindow.cpp">
      <Filter>Generated Files\Debug</Filter>
    </ClCompile>
    <ClCompile Include="Debug\moc_AboutDlg.cpp">
      <Filter>Generated Files\Debug</Filter>
    </ClCompile>
    <ClCompile Include="Release\moc_AboutDlg.cpp">
      <Filter>Generated Files\Release</Filter>
    </ClCompile>
    <ClCompile Include="AboutDlg.cpp">
      <Filter>Source Files</Filter>
    </ClCompile>
    <ClCompile Include="Release\moc_MainWindow.cpp">
      <Filter>Generated Files\Release</Filter>
    </ClCompile>
    <ClCompile Include="Release\moc_ProfileWindow.cpp">
      <Filter>Generated Files\Release</Filter>
    </ClCompile>
    <ClCompile Include="RasterFile.cpp">
      <Filter>Source Files</Filter>
    </ClCompile>
    <ClCompile Include="AeroMap.cpp">
      <Filter>Source Files</Filter>
    </ClCompile>
    <ClCompile Include="Debug\moc_AeroMap.cpp">
      <Filter>Generated Files\Debug</Filter>
    </ClCompile>
    <ClCompile Include="..\Common\BmpFile.cpp">
      <Filter>Common</Filter>
    </ClCompile>
    <ClCompile Include="..\Common\Calc.cpp">
      <Filter>Common</Filter>
    </ClCompile>
    <ClCompile Include="..\Common\Camera.cpp">
      <Filter>Common</Filter>
    </ClCompile>
    <ClCompile Include="..\Common\Cube.cpp">
      <Filter>Common</Filter>
    </ClCompile>
    <ClCompile Include="..\Common\Cylinder.cpp">
      <Filter>Common</Filter>
    </ClCompile>
    <ClCompile Include="..\Common\DateTime.cpp">
      <Filter>Common</Filter>
    </ClCompile>
    <ClCompile Include="..\Common\exif.cpp">
      <Filter>Common</Filter>
    </ClCompile>
    <ClCompile Include="..\Common\GLManager.cpp">
      <Filter>Common</Filter>
    </ClCompile>
    <ClCompile Include="..\Common\JpegFile.cpp">
      <Filter>Common</Filter>
    </ClCompile>
    <ClCompile Include="..\Common\Light.cpp">
      <Filter>Common</Filter>
    </ClCompile>
    <ClCompile Include="..\Common\Logger.cpp">
      <Filter>Common</Filter>
    </ClCompile>
    <ClCompile Include="..\Common\MarkLib.cpp">
      <Filter>Common</Filter>
    </ClCompile>
    <ClCompile Include="..\Common\Material.cpp">
      <Filter>Common</Filter>
    </ClCompile>
    <ClCompile Include="..\Common\Model.cpp">
      <Filter>Common</Filter>
    </ClCompile>
    <ClCompile Include="..\Common\Model_3DS.cpp">
      <Filter>Common</Filter>
    </ClCompile>
    <ClCompile Include="..\Common\Model_AC.cpp">
      <Filter>Common</Filter>
    </ClCompile>
    <ClCompile Include="..\Common\Model_OBJ.cpp">
      <Filter>Common</Filter>
    </ClCompile>
    <ClCompile Include="..\Common\Model_STL.cpp">
      <Filter>Common</Filter>
    </ClCompile>
    <ClCompile Include="..\Common\Model_X.cpp">
      <Filter>Common</Filter>
    </ClCompile>
    <ClCompile Include="..\Common\PngFile.cpp">
      <Filter>Common</Filter>
    </ClCompile>
    <ClCompile Include="..\Common\Primitive.cpp">
      <Filter>Common</Filter>
    </ClCompile>
    <ClCompile Include="..\Common\ShaderGL.cpp">
      <Filter>Common</Filter>
    </ClCompile>
    <ClCompile Include="..\Common\ShapeFile.cpp">
      <Filter>Common</Filter>
    </ClCompile>
    <ClCompile Include="..\Common\Sphere.cpp">
      <Filter>Common</Filter>
    </ClCompile>
    <ClCompile Include="..\Common\Sun.cpp">
      <Filter>Common</Filter>
    </ClCompile>
    <ClCompile Include="..\Common\SvgFile.cpp">
      <Filter>Common</Filter>
    </ClCompile>
    <ClCompile Include="..\Common\TextFile.cpp">
      <Filter>Common</Filter>
    </ClCompile>
    <ClCompile Include="..\Common\TextureGL.cpp">
      <Filter>Common</Filter>
    </ClCompile>
    <ClCompile Include="..\Common\TiffFile.cpp">
      <Filter>Common</Filter>
    </ClCompile>
    <ClCompile Include="..\Common\TinyEXIF.cpp">
      <Filter>Common</Filter>
    </ClCompile>
    <ClCompile Include="..\Common\TinyXML2.cpp">
      <Filter>Common</Filter>
    </ClCompile>
    <ClCompile Include="..\Common\VertexBufferGL.cpp">
      <Filter>Common</Filter>
    </ClCompile>
    <ClCompile Include="DroneProcDlg.cpp">
      <Filter>Source Files</Filter>
    </ClCompile>
    <ClCompile Include="DroneProc.cpp">
      <Filter>Source Files</Filter>
    </ClCompile>
    <ClCompile Include="Stages\Stage.cpp">
      <Filter>Stages</Filter>
    </ClCompile>
    <ClCompile Include="Stages\StageDataset.cpp">
      <Filter>Stages</Filter>
    </ClCompile>
    <ClCompile Include="Stages\StageFilter.cpp">
      <Filter>Stages</Filter>
    </ClCompile>
    <ClCompile Include="Stages\StageMesh.cpp">
      <Filter>Stages</Filter>
    </ClCompile>
    <ClCompile Include="Stages\StageMVS.cpp">
      <Filter>Stages</Filter>
    </ClCompile>
    <ClCompile Include="Stages\StageSFM.cpp">
      <Filter>Stages</Filter>
    </ClCompile>
    <ClCompile Include="Debug\moc_DroneProc.cpp">
      <Filter>Generated Files\Debug</Filter>
    </ClCompile>
    <ClCompile Include="Debug\moc_DroneProcDlg.cpp">
      <Filter>Generated Files\Debug</Filter>
    </ClCompile>
    <ClCompile Include="Debug\moc_DroneWindow.cpp">
      <Filter>Generated Files\Debug</Filter>
    </ClCompile>
    <ClCompile Include="AeroLib.cpp">
      <Filter>Source Files</Filter>
    </ClCompile>
    <ClCompile Include="Cropper.cpp">
      <Filter>Source Files</Filter>
    </ClCompile>
    <ClCompile Include="DEM.cpp">
      <Filter>Source Files</Filter>
    </ClCompile>
    <ClCompile Include="Gsd.cpp">
      <Filter>Source Files</Filter>
    </ClCompile>
    <ClCompile Include="Mesh.cpp">
      <Filter>Source Files</Filter>
    </ClCompile>
    <ClCompile Include="PointCloud.cpp">
      <Filter>Source Files</Filter>
    </ClCompile>
    <ClCompile Include="Shots.cpp">
      <Filter>Source Files</Filter>
    </ClCompile>
    <ClCompile Include="DroneWindow.cpp">
      <Filter>Source Files</Filter>
    </ClCompile>
    <ClCompile Include="Stages\StageTexture.cpp">
      <Filter>Stages</Filter>
    </ClCompile>
    <ClCompile Include="Stages\StageGeoref.cpp">
      <Filter>Stages</Filter>
    </ClCompile>
    <ClCompile Include="Stages\StageDEM.cpp">
      <Filter>Stages</Filter>
    </ClCompile>
    <ClCompile Include="Stages\StageOrtho.cpp">
      <Filter>Stages</Filter>
    </ClCompile>
    <ClCompile Include="Stages\StageReport.cpp">
      <Filter>Stages</Filter>
    </ClCompile>
    <ClCompile Include="LidarModel.cpp">
      <Filter>Source Files</Filter>
    </ClCompile>
    <ClCompile Include="LidarModelDlg.cpp">
      <Filter>Source Files</Filter>
    </ClCompile>
    <ClCompile Include="LidarWindow.cpp">
      <Filter>Source Files</Filter>
    </ClCompile>
    <ClCompile Include="Debug\moc_LidarModelDlg.cpp">
      <Filter>Generated Files\Debug</Filter>
    </ClCompile>
    <ClCompile Include="Debug\moc_LidarWindow.cpp">
      <Filter>Generated Files\Debug</Filter>
    </ClCompile>
    <ClCompile Include="LasFile.cpp">
      <Filter>Source Files</Filter>
    </ClCompile>
    <ClCompile Include="Release\moc_AeroMap.cpp">
      <Filter>Generated Files\Release</Filter>
    </ClCompile>
    <ClCompile Include="Release\moc_DroneProc.cpp">
      <Filter>Generated Files\Release</Filter>
    </ClCompile>
    <ClCompile Include="Release\moc_DroneProcDlg.cpp">
      <Filter>Generated Files\Release</Filter>
    </ClCompile>
    <ClCompile Include="Release\moc_DroneWindow.cpp">
      <Filter>Generated Files\Release</Filter>
    </ClCompile>
    <ClCompile Include="Release\moc_LidarModelDlg.cpp">
      <Filter>Generated Files\Release</Filter>
    </ClCompile>
    <ClCompile Include="Release\moc_LidarWindow.cpp">
      <Filter>Generated Files\Release</Filter>
    </ClCompile>
    <ClCompile Include="Debug\moc_Stage.cpp">
      <Filter>Generated Files\Debug</Filter>
    </ClCompile>
    <ClCompile Include="Release\moc_Stage.cpp">
      <Filter>Generated Files\Release</Filter>
    </ClCompile>
    <ClCompile Include="OrthoWindow.cpp">
      <Filter>Source Files</Filter>
    </ClCompile>
    <ClCompile Include="Debug\moc_OrthoWindow.cpp">
      <Filter>Generated Files\Debug</Filter>
    </ClCompile>
    <ClCompile Include="..\Common\ImageFile.cpp">
      <Filter>Common</Filter>
    </ClCompile>
    <ClCompile Include="Release\moc_OrthoWindow.cpp">
      <Filter>Generated Files\Release</Filter>
    </ClCompile>
    <ClCompile Include="Terrain.cpp">
      <Filter>Source Files</Filter>
    </ClCompile>
    <ClCompile Include="TerrainGL.cpp">
      <Filter>Source Files</Filter>
    </ClCompile>
    <ClCompile Include="TerrainWindow.cpp">
      <Filter>Source Files</Filter>
    </ClCompile>
    <ClCompile Include="Debug\moc_TerrainWindow.cpp">
      <Filter>Generated Files\Debug</Filter>
    </ClCompile>
    <ClCompile Include="Release\moc_TerrainWindow.cpp">
      <Filter>Generated Files\Release</Filter>
    </ClCompile>
    <ClCompile Include="Thermal.cpp">
      <Filter>Source Files</Filter>
    </ClCompile>
    <ClCompile Include="OdmOrthoPhoto.cpp">
      <Filter>Source Files</Filter>
    </ClCompile>
  </ItemGroup>
  <ItemGroup>
    <CustomBuild Include="ConfigDlg.h">
      <Filter>Header Files</Filter>
    </CustomBuild>
    <CustomBuild Include="MainWindow.h">
      <Filter>Header Files</Filter>
    </CustomBuild>
    <ClInclude Include="GeneratedFiles\ui_config.h">
      <Filter>Generated Files</Filter>
    </ClInclude>
    <CustomBuild Include="metadata.ui">
      <Filter>Form Files</Filter>
    </CustomBuild>
    <CustomBuild Include="MetaDataDlg.h">
      <Filter>Header Files</Filter>
    </CustomBuild>
    <CustomBuild Include="AeroMap.qrc">
      <Filter>Resource Files</Filter>
    </CustomBuild>
    <CustomBuild Include="scalecolor.ui">
      <Filter>Form Files</Filter>
    </CustomBuild>
    <CustomBuild Include="ScaleColorDlg.h">
      <Filter>Header Files</Filter>
    </CustomBuild>
    <CustomBuild Include="ScaleColorWidget.h">
      <Filter>Header Files</Filter>
    </CustomBuild>
    <CustomBuild Include="ProjectWindow.h">
      <Filter>Header Files</Filter>
    </CustomBuild>
    <CustomBuild Include="Tool.h">
      <Filter>Header Files</Filter>
    </CustomBuild>
    <CustomBuild Include="ContourDlg.h">
      <Filter>Header Files</Filter>
    </CustomBuild>
    <CustomBuild Include="contour.ui">
      <Filter>Form Files</Filter>
    </CustomBuild>
    <CustomBuild Include="light.ui">
      <Filter>Form Files</Filter>
    </CustomBuild>
    <CustomBuild Include="Project.h">
      <Filter>Header Files</Filter>
    </CustomBuild>
    <CustomBuild Include="ElevationDlg.h">
      <Filter>Header Files</Filter>
    </CustomBuild>
    <CustomBuild Include="elevation.ui">
      <Filter>Form Files</Filter>
    </CustomBuild>
    <CustomBuild Include="ProfileWindow.h">
      <Filter>Header Files</Filter>
    </CustomBuild>
    <CustomBuild Include="about.ui">
      <Filter>Form Files</Filter>
    </CustomBuild>
    <CustomBuild Include="AboutDlg.h">
      <Filter>Header Files</Filter>
    </CustomBuild>
    <CustomBuild Include="LightWindow.h">
      <Filter>Header Files</Filter>
    </CustomBuild>
    <CustomBuild Include="AeroMap.h">
      <Filter>Header Files</Filter>
    </CustomBuild>
    <CustomBuild Include="drone_proc.ui">
      <Filter>Form Files</Filter>
    </CustomBuild>
    <CustomBuild Include="DroneWindow.h">
      <Filter>Header Files</Filter>
    </CustomBuild>
    <CustomBuild Include="DroneProcDlg.h">
      <Filter>Header Files</Filter>
    </CustomBuild>
    <CustomBuild Include="DroneProc.h">
      <Filter>Header Files</Filter>
    </CustomBuild>
    <CustomBuild Include="lidar_model.ui">
      <Filter>Form Files</Filter>
    </CustomBuild>
    <CustomBuild Include="LidarModelDlg.h">
      <Filter>Header Files</Filter>
    </CustomBuild>
    <CustomBuild Include="LidarWindow.h">
      <Filter>Header Files</Filter>
    </CustomBuild>
    <CustomBuild Include="Stages\Stage.h">
      <Filter>Stages</Filter>
    </CustomBuild>
    <CustomBuild Include="OrthoWindow.h">
      <Filter>Header Files</Filter>
    </CustomBuild>
    <CustomBuild Include="TerrainWindow.h">
      <Filter>Header Files</Filter>
    </CustomBuild>
  </ItemGroup>
  <ItemGroup>
    <CustomBuild Include="config.ui">
      <Filter>Form Files</Filter>
    </CustomBuild>
    <CustomBuild Include="OutputWindow.h">
      <Filter>Header Files</Filter>
    </CustomBuild>
  </ItemGroup>
  <ItemGroup>
    <ClInclude Include="GeneratedFiles\ui_metadata.h">
      <Filter>Generated Files</Filter>
    </ClInclude>
    <ClInclude Include="GeneratedFiles\ui_scalecolor.h">
      <Filter>Generated Files</Filter>
    </ClInclude>
    <ClInclude Include="ScaleColor.h">
      <Filter>Header Files</Filter>
    </ClInclude>
    <ClInclude Include="Version.h">
      <Filter>Header Files</Filter>
    </ClInclude>
    <ClInclude Include="GeneratedFiles\ui_contour.h">
      <Filter>Generated Files</Filter>
    </ClInclude>
    <ClInclude Include="GeneratedFiles\ui_light.h">
      <Filter>Generated Files</Filter>
    </ClInclude>
    <ClInclude Include="GeneratedFiles\ui_elevation.h">
      <Filter>Generated Files</Filter>
    </ClInclude>
    <ClInclude Include="resource.h">
      <Filter>Resource Files</Filter>
    </ClInclude>
    <ClInclude Include="SkyBox.h">
      <Filter>Header Files</Filter>
    </ClInclude>
    <ClInclude Include="Gis.h">
      <Filter>Header Files</Filter>
    </ClInclude>
    <ClInclude Include="ShaderLib.h">
      <Filter>Header Files</Filter>
    </ClInclude>
    <ClInclude Include="GeneratedFiles\ui_about.h">
      <Filter>Generated Files</Filter>
    </ClInclude>
    <ClInclude Include="RasterFile.h">
      <Filter>Header Files</Filter>
    </ClInclude>
    <ClInclude Include="GeneratedFiles\ui_drone_proc.h">
      <Filter>Generated Files</Filter>
    </ClInclude>
    <ClInclude Include="..\Common\Angle.h">
      <Filter>Common</Filter>
    </ClInclude>
    <ClInclude Include="..\Common\BmpFile.h">
      <Filter>Common</Filter>
    </ClInclude>
    <ClInclude Include="..\Common\Calc.h">
      <Filter>Common</Filter>
    </ClInclude>
    <ClInclude Include="..\Common\Camera.h">
      <Filter>Common</Filter>
    </ClInclude>
    <ClInclude Include="..\Common\Cube.h">
      <Filter>Common</Filter>
    </ClInclude>
    <ClInclude Include="..\Common\Cylinder.h">
      <Filter>Common</Filter>
    </ClInclude>
    <ClInclude Include="..\Common\DateTime.h">
      <Filter>Common</Filter>
    </ClInclude>
    <ClInclude Include="..\Common\exif.h">
      <Filter>Common</Filter>
    </ClInclude>
    <ClInclude Include="..\Common\GLManager.h">
      <Filter>Common</Filter>
    </ClInclude>
    <ClInclude Include="..\Common\JpegFile.h">
      <Filter>Common</Filter>
    </ClInclude>
    <ClInclude Include="..\Common\Light.h">
      <Filter>Common</Filter>
    </ClInclude>
    <ClInclude Include="..\Common\Logger.h">
      <Filter>Common</Filter>
    </ClInclude>
    <ClInclude Include="..\Common\MarkLib.h">
      <Filter>Common</Filter>
    </ClInclude>
    <ClInclude Include="..\Common\MarkTypes.h">
      <Filter>Common</Filter>
    </ClInclude>
    <ClInclude Include="..\Common\Material.h">
      <Filter>Common</Filter>
    </ClInclude>
    <ClInclude Include="..\Common\Model.h">
      <Filter>Common</Filter>
    </ClInclude>
    <ClInclude Include="..\Common\Model_3DS.h">
      <Filter>Common</Filter>
    </ClInclude>
    <ClInclude Include="..\Common\Model_AC.h">
      <Filter>Common</Filter>
    </ClInclude>
    <ClInclude Include="..\Common\Model_OBJ.h">
      <Filter>Common</Filter>
    </ClInclude>
    <ClInclude Include="..\Common\Model_STL.h">
      <Filter>Common</Filter>
    </ClInclude>
    <ClInclude Include="..\Common\Model_X.h">
      <Filter>Common</Filter>
    </ClInclude>
    <ClInclude Include="..\Common\PngFile.h">
      <Filter>Common</Filter>
    </ClInclude>
    <ClInclude Include="..\Common\Primitive.h">
      <Filter>Common</Filter>
    </ClInclude>
    <ClInclude Include="..\Common\ShaderGL.h">
      <Filter>Common</Filter>
    </ClInclude>
    <ClInclude Include="..\Common\ShapeFile.h">
      <Filter>Common</Filter>
    </ClInclude>
    <ClInclude Include="..\Common\Sphere.h">
      <Filter>Common</Filter>
    </ClInclude>
    <ClInclude Include="..\Common\Sun.h">
      <Filter>Common</Filter>
    </ClInclude>
    <ClInclude Include="..\Common\SvgFile.h">
      <Filter>Common</Filter>
    </ClInclude>
    <ClInclude Include="..\Common\TextFile.h">
      <Filter>Common</Filter>
    </ClInclude>
    <ClInclude Include="..\Common\TextureGL.h">
      <Filter>Common</Filter>
    </ClInclude>
    <ClInclude Include="..\Common\TiffFile.h">
      <Filter>Common</Filter>
    </ClInclude>
    <ClInclude Include="..\Common\TinyEXIF.h">
      <Filter>Common</Filter>
    </ClInclude>
    <ClInclude Include="..\Common\TinyXML2.h">
      <Filter>Common</Filter>
    </ClInclude>
    <ClInclude Include="..\Common\VertexBufferGL.h">
      <Filter>Common</Filter>
    </ClInclude>
    <ClInclude Include="..\Common\XString.h">
      <Filter>Common</Filter>
    </ClInclude>
    <ClInclude Include="Stages\StageDataset.h">
      <Filter>Stages</Filter>
    </ClInclude>
    <ClInclude Include="Stages\StageDEM.h">
      <Filter>Stages</Filter>
    </ClInclude>
    <ClInclude Include="Stages\StageFilter.h">
      <Filter>Stages</Filter>
    </ClInclude>
    <ClInclude Include="Stages\StageGeoref.h">
      <Filter>Stages</Filter>
    </ClInclude>
    <ClInclude Include="Stages\StageMesh.h">
      <Filter>Stages</Filter>
    </ClInclude>
    <ClInclude Include="Stages\StageMVS.h">
      <Filter>Stages</Filter>
    </ClInclude>
    <ClInclude Include="Stages\StageOrtho.h">
      <Filter>Stages</Filter>
    </ClInclude>
    <ClInclude Include="Stages\StageReport.h">
      <Filter>Stages</Filter>
    </ClInclude>
    <ClInclude Include="Stages\StageSFM.h">
      <Filter>Stages</Filter>
    </ClInclude>
    <ClInclude Include="Stages\StageTexture.h">
      <Filter>Stages</Filter>
    </ClInclude>
    <ClInclude Include="AeroLib.h">
      <Filter>Header Files</Filter>
    </ClInclude>
    <ClInclude Include="Cropper.h">
      <Filter>Header Files</Filter>
    </ClInclude>
    <ClInclude Include="DEM.h">
      <Filter>Header Files</Filter>
    </ClInclude>
    <ClInclude Include="Gsd.h">
      <Filter>Header Files</Filter>
    </ClInclude>
    <ClInclude Include="Mesh.h">
      <Filter>Header Files</Filter>
    </ClInclude>
    <ClInclude Include="PointCloud.h">
      <Filter>Header Files</Filter>
    </ClInclude>
    <ClInclude Include="Shots.h">
      <Filter>Header Files</Filter>
    </ClInclude>
    <ClInclude Include="LidarModel.h">
      <Filter>Header Files</Filter>
    </ClInclude>
    <ClInclude Include="GeneratedFiles\ui_lidar_model.h">
      <Filter>Generated Files</Filter>
    </ClInclude>
    <ClInclude Include="LasFile.h">
      <Filter>Header Files</Filter>
    </ClInclude>
    <ClInclude Include="..\Common\ImageFile.h">
      <Filter>Common</Filter>
    </ClInclude>
    <ClInclude Include="Terrain.h">
      <Filter>Header Files</Filter>
    </ClInclude>
    <ClInclude Include="TerrainGL.h">
      <Filter>Header Files</Filter>
    </ClInclude>
    <ClInclude Include="Thermal.h">
      <Filter>Header Files</Filter>
    </ClInclude>
    <ClInclude Include="OdmOrthoPhoto.h">
      <Filter>Header Files</Filter>
    </ClInclude>
  </ItemGroup>
  <ItemGroup>
    <Image Include="Images\AeroMap.ico">
      <Filter>Resource Files</Filter>
    </Image>
  </ItemGroup>
  <ItemGroup>
    <ResourceCompile Include="AeroMap.rc">
      <Filter>Resource Files</Filter>
    </ResourceCompile>
  </ItemGroup>
  <ItemGroup>
    <Text Include="Data\AeroMap.log" />
  </ItemGroup>
</Project>