<?xml version="1.0" encoding="utf-8"?>
<Project ToolsVersion="4.0" xmlns="http://schemas.microsoft.com/developer/msbuild/2003">
  <ItemGroup>
    <Filter Include="Source Files">
      <UniqueIdentifier>{4FC737F1-C7A5-4376-A066-2A32D752A2FF}</UniqueIdentifier>
      <Extensions>cpp;c;cc;cxx;def;odl;idl;hpj;bat;asm;asmx</Extensions>
    </Filter>
    <Filter Include="Common">
      <UniqueIdentifier>{f1f76a4a-343d-40c6-9460-6e42b3d81b76}</UniqueIdentifier>
    </Filter>
  </ItemGroup>
  <ItemGroup>
    <ClCompile Include="TestModel_AC.cpp">
      <Filter>Source Files</Filter>
    </ClCompile>
    <ClCompile Include="..\..\Common\BmpFile.cpp">
      <Filter>Common</Filter>
    </ClCompile>
    <ClCompile Include="..\..\Common\Calc.cpp">
      <Filter>Common</Filter>
    </ClCompile>
    <ClCompile Include="..\..\Common\GLManager.cpp">
      <Filter>Common</Filter>
    </ClCompile>
    <ClCompile Include="..\..\Common\ImageFile.cpp">
      <Filter>Common</Filter>
    </ClCompile>
    <ClCompile Include="..\..\Common\JpegFile.cpp">
      <Filter>Common</Filter>
    </ClCompile>
    <ClCompile Include="..\..\Common\Light.cpp">
      <Filter>Common</Filter>
    </ClCompile>
    <ClCompile Include="..\..\Common\Logger.cpp">
      <Filter>Common</Filter>
    </ClCompile>
    <ClCompile Include="..\..\Common\MarkLib.cpp">
      <Filter>Common</Filter>
    </ClCompile>
    <ClCompile Include="..\..\Common\Material.cpp">
      <Filter>Common</Filter>
    </ClCompile>
    <ClCompile Include="..\..\Common\Model.cpp">
      <Filter>Common</Filter>
    </ClCompile>
    <ClCompile Include="..\..\Common\Model_AC.cpp">
      <Filter>Common</Filter>
    </ClCompile>
    <ClCompile Include="..\..\Common\PngFile.cpp">
      <Filter>Common</Filter>
    </ClCompile>
    <ClCompile Include="..\..\Common\ShaderGL.cpp">
      <Filter>Common</Filter>
    </ClCompile>
    <ClCompile Include="..\..\Common\TextureGL.cpp">
      <Filter>Common</Filter>
    </ClCompile>
    <ClCompile Include="..\..\Common\VertexBufferGL.cpp">
      <Filter>Common</Filter>
    </ClCompile>
  </ItemGroup>
  <ItemGroup>
    <ClInclude Include="..\..\Common\BmpFile.h">
      <Filter>Common</Filter>
    </ClInclude>
    <ClInclude Include="..\..\Common\Calc.h">
      <Filter>Common</Filter>
    </ClInclude>
    <ClInclude Include="..\..\Common\GLManager.h">
      <Filter>Common</Filter>
    </ClInclude>
    <ClInclude Include="..\..\Common\ImageFile.h">
      <Filter>Common</Filter>
    </ClInclude>
    <ClInclude Include="..\..\Common\JpegFile.h">
      <Filter>Common</Filter>
    </ClInclude>
    <ClInclude Include="..\..\Common\Light.h">
      <Filter>Common</Filter>
    </ClInclude>
    <ClInclude Include="..\..\Common\Logger.h">
      <Filter>Common</Filter>
    </ClInclude>
    <ClInclude Include="..\..\Common\MarkLib.h">
      <Filter>Common</Filter>
    </ClInclude>
    <ClInclude Include="..\..\Common\MarkTypes.h">
      <Filter>Common</Filter>
    </ClInclude>
    <ClInclude Include="..\..\Common\Material.h">
      <Filter>Common</Filter>
    </ClInclude>
    <ClInclude Include="..\..\Common\Model.h">
      <Filter>Common</Filter>
    </ClInclude>
    <ClInclude Include="..\..\Common\Model_AC.h">
      <Filter>Common</Filter>
    </ClInclude>
    <ClInclude Include="..\..\Common\PngFile.h">
      <Filter>Common</Filter>
    </ClInclude>
    <ClInclude Include="..\..\Common\ShaderGL.h">
      <Filter>Common</Filter>
    </ClInclude>
    <ClInclude Include="..\..\Common\TextFile.h">
      <Filter>Common</Filter>
    </ClInclude>
    <ClInclude Include="..\..\Common\TextureGL.h">
      <Filter>Common</Filter>
    </ClInclude>
    <ClInclude Include="..\..\Common\VertexBufferGL.h">
      <Filter>Common</Filter>
    </ClInclude>
  </ItemGroup>
</Project>