1723177381863,1723589995594,1723658185012],\"582078174\":[1723827312889,1723828821998,1723829084938,1723838209424,1723838664756]}");
user_pref("browser.newtabpage.activity-stream.impressionId", "{362547bd-4d13-4dfc-bdc3-9520bfb6207d}");
user_pref("browser.newtabpage.activity-stream.improvesearch.topSiteSearchShortcuts.havePinned", "amazon");
user_pref("browser.newtabpage.activity-stream.newtabWallpapers.enabled", true);
user_pref("browser.newtabpage.activity-stream.newtabWallpapers.v2.enabled", true);
user_pref("browser.newtabpage.blocked", "{\"tKToPqOa4IfVTtjPid+oKA==\":1}");
user_pref("browser.newtabpage.pinned", "[null,null,null,{\"url\":\"https://mail.google.com/mail/u/0/?shva=1#inbox\",\"label\":\"mail.google\"}]");
user_pref("browser.newtabpage.storageVersion", 1);
user_pref("browser.pageActions.persistedActions", "{\"ids\":[\"bookmark\"],\"idsInUrlbar\":[\"bookmark\"],\"idsInUrlbarPreProton\":[],\"version\":1}");
user_pref("browser.pagethumbnails.storage_version", 3);
user_pref("browser.privacySegmentation.createdShortcut", true);
user_pref("browser.proton.toolbar.version", 3);
user_pref("browser.region.update.updated", 1723652047);
user_pref("browser.rights.3.shown", true);
user_pref("browser.safebrowsing.provider.google4.lastupdatetime", "1723838087982");
user_pref("browser.safebrowsing.provider.google4.nextupdatetime", "1723839886982");
user_pref("browser.safebrowsing.provider.mozilla.lastupdatetime", "1723838088211");
user_pref("browser.safebrowsing.provider.mozilla.nextupdatetime", "1723859688211");
user_pref("browser.search.newSearchConfig.enabled", true);
user_pref("browser.search.region", "US");
user_pref("browser.sessionstore.upgradeBackup.latestBuildID", "20240812083845");
user_pref("browser.shell.defaultBrowserCheckCount", 1);
user_pref("browser.shell.didSkipDefaultBrowserCheckOnFirstRun", true);
user_pref("browser.shell.mostRecentDateSetAsDefault", "1723838665");
user_pref("browser.shopping.experience2023.active", false);
user_pref("browser.shopping.experience2023.autoActivateCount", 2);
user_pref("browser.shopping.experience2023.lastAutoActivate", 1700684533);
user_pref("browser.startup.couldRestoreSession.count", 2);
user_pref("browser.startup.homepage_override.buildID", "20240812083845");
user_pref("browser.startup.homepage_override.mstone", "129.0.1");
user_pref("browser.startup.lastColdStartupCheck", 1723838665);
user_pref("browser.startup.upgradeDialog.version", 106);
user_pref("browser.startup.windowsLaunchOnLogin.disableLaunchOnLoginPrompt", true);
user_pref("browser.topsites.contile.cacheValidFor", 10376);
user_pref("browser.topsites.contile.cachedTiles", "[{\"id\":74301,\"name\":\"Amazon\",\"url\":\"https://www.amazon.com/?tag=admarketus-20&ref=pd_sl_c7c68e2541aab96ff1155c0450e62077845438c6c456603ef368b32d&mfadid=adm\",\"click_url\":\"https://bridge.sfo1.ap01.net/ctp?version=1.0.0&encp=HF3vIpkX7RcdjpkX4Z8Z1pfm4ZxW1Cxr7ncqjnaz7nIZgGeYJm2uHF3wJnjvJnDufpqUxmIVfBIkxZdWxnzq5FcqIF_RiF_w5Cb_5R4nJZlnJr7Rirxzj%3DwTIG4W7n7vI%3D3wxweNxncuxZdQ3d7nHZ7aIwwPI%3Dv1inNTCFvEfldG3nNIinTYFndIsldDECcIsqlWCw3tJl_SBGj1snfkCq3EfldPi%3Dv1JDkWCw3IfqdlCnXiiqkYCkj7sqduDBIuxr2zj%3DwTIG4W7R7kx%3DwqgG4nGmDZ4%3DlYf%3DDXfZ8r4QDYHCfkIpDk4nfXHZxZfnHXHn2WGmfkHF4w1pxd4pIqf%3D3OfZjNHFIqHF8rHCjwIn7nfp8d7ReOgClWftaW7RedxZ7vgClWfBIWjGfXiCkXfplnx9EWiCkXfQL_fBIkxrfXgCfX1p8d4Cxr1tIkxredHQkZfCLY4CDr4ZxnHG3ZiF2zfZlafQDd4Zx_7nckxmWzfOIdj%3DqzfBIdImqzfOIZxR2zfC2nJG4kxczvI9Lz5ClniF_miF2z5Clnj9NvIpkW7nuriF3agCbnxR3YHZkW7R7kx%3DTzftIRjpkW7nuriF2zfZDr1pfa4pD_7RcdIG7_iF2z1p8_fCqd1CbdfQfZfC2X4ZHnJG4kjpkW7R7kHnWzIncTxmDnx93kiF2zftIqx%3D4vIpkYfpbXfZf_4QqY7ncWfZd4DZeaCc37jldCf9N1sqEkCwfWslzCf9NfElEkCc3QfENP2C74snuaF9vIjYIQj9wvIpkY7n4YIFwqgCLZfplnx%3DXvIpkXfpbr7n3Zx%3D7vIpkXfpl_7n3Zx%3DcqjnwqgClWfClnI94WHGEqjnwqgCHafQlnI94WiFzvIpkXfCqX7ncqxmXvIpkafQqX1CD_fClY4Z8_4plr4BIZJ%3DzkJREugClnIF_EDqWzClNefmIFE%3DLaEZIUxDuFC94wC