<?xml version="1.0" encoding="utf-8"?>
<Project ToolsVersion="14.0" xmlns="http://schemas.microsoft.com/developer/msbuild/2003">
  <ItemGroup>
    <ClCompile Include=".\src\lasreader.cpp">
      <Filter>Source Files</Filter>
    </ClCompile>
    <ClCompile Include=".\src\lasignore.cpp">
      <Filter>Source Files</Filter>
    </ClCompile>
    <ClCompile Include=".\src\laswriter.cpp">
      <Filter>Source Files</Filter>
    </ClCompile>
    <ClCompile Include=".\src\lasreader_las.cpp">
      <Filter>Source Files</Filter>
    </ClCompile>
    <ClCompile Include=".\src\lasreader_bin.cpp">
      <Filter>Source Files</Filter>
    </ClCompile>
    <ClCompile Include=".\src\lasreader_shp.cpp">
      <Filter>Source Files</Filter>
    </ClCompile>
    <ClCompile Include=".\src\lasreader_asc.cpp">
      <Filter>Source Files</Filter>
    </ClCompile>
    <ClCompile Include=".\src\lasreader_bil.cpp">
      <Filter>Source Files</Filter>
    </ClCompile>
    <ClCompile Include=".\src\lasreader_dtm.cpp">
      <Filter>Source Files</Filter>
    </ClCompile>
    <ClCompile Include=".\src\lasreader_ply.cpp">
      <Filter>Source Files</Filter>
    </ClCompile>
    <ClCompile Include=".\src\lasreader_qfit.cpp">
      <Filter>Source Files</Filter>
    </ClCompile>
    <ClCompile Include=".\src\lasreader_txt.cpp">
      <Filter>Source Files</Filter>
    </ClCompile>
    <ClCompile Include=".\src\lasreadermerged.cpp">
      <Filter>Source Files</Filter>
    </ClCompile>
    <ClCompile Include=".\src\lasreaderbuffered.cpp">
      <Filter>Source Files</Filter>
    </ClCompile>
    <ClCompile Include=".\src\lasreaderstored.cpp">
      <Filter>Source Files</Filter>
    </ClCompile>
    <ClCompile Include=".\src\lasreaderpipeon.cpp">
      <Filter>Source Files</Filter>
    </ClCompile>
    <ClCompile Include=".\src\laswriter_las.cpp">
      <Filter>Source Files</Filter>
    </ClCompile>
    <ClCompile Include=".\src\laswriter_bin.cpp">
      <Filter>Source Files</Filter>
    </ClCompile>
    <ClCompile Include=".\src\laswriter_qfit.cpp">
      <Filter>Source Files</Filter>
    </ClCompile>
    <ClCompile Include=".\src\laswriter_wrl.cpp">
      <Filter>Source Files</Filter>
    </ClCompile>
    <ClCompile Include=".\src\laswriter_txt.cpp">
      <Filter>Source Files</Filter>
    </ClCompile>
    <ClCompile Include=".\src\laswritercompatible.cpp">
      <Filter>Source Files</Filter>
    </ClCompile>
    <ClCompile Include=".\src\laswaveform13reader.cpp">
      <Filter>Source Files</Filter>
    </ClCompile>
    <ClCompile Include=".\src\laswaveform13writer.cpp">
      <Filter>Source Files</Filter>
    </ClCompile>
    <ClCompile Include=".\src\lasutility.cpp">
      <Filter>Source Files</Filter>
    </ClCompile>
    <ClCompile Include=".\src\lasfilter.cpp">
      <Filter>Source Files</Filter>
    </ClCompile>
    <ClCompile Include=".\src\lastransform.cpp">
      <Filter>Source Files</Filter>
    </ClCompile>
    <ClCompile Include=".\src\laskdtree.cpp">
      <Filter>Source Files</Filter>
    </ClCompile>
    <ClCompile Include=".\src\fopen_compressed.cpp">
      <Filter>Source Files</Filter>
    </ClCompile>
    <ClCompile Include="..\laszip\src\lasreadpoint.cpp">
      <Filter>Source Files</Filter>
    </ClCompile>
    <ClCompile Include="..\laszip\src\lasreaditemcompressed_v1.cpp">
      <Filter>Source Files</Filter>
    </ClCompile>
    <ClCompile Include="..\laszip\src\lasreaditemcompressed_v2.cpp">
      <Filter>Source Files</Filter>
    </ClCompile>
    <ClCompile Include="..\laszip\src\lasreaditemcompressed_v3.cpp">
      <Filter>Source Files</Filter>
    </ClCompile>
    <ClCompile Include="..\laszip\src\lasreaditemcompressed_v4.cpp">
      <Filter>Source Files</Filter>
    </ClCompile>
    <ClCompile Include="..\laszip\src\laswritepoint.cpp">
      <Filter>Source Files</Filter>
    </ClCompile>
    <ClCompile Include="..\laszip\src\laswriteitemcompressed_v1.cpp">
      <Filter>Source Files</Filter>
    </ClCompile>
    <ClCompile Include="..\laszip\src\laswriteitemcompressed_v2.cpp">
      <Filter>Source Files</Filter>
    </ClCompile>
    <ClCompile Include="..\laszip\src\laswriteitemcompressed_v3.cpp">
      <Filter>Source Files</Filter>
    </ClCompile>
    <ClCompile Include="..\laszip\src\laswriteitemcompressed_v4.cpp">
      <Filter>Source Files</Filter>
    </ClCompile>
    <ClCompile Include="..\laszip\src\integercompressor.cpp">
      <Filter>Source Files</Filter>
    </ClCompile>
    <ClCompile Include="..\laszip\src\arithmeticdecoder.cpp">
      <Filter>Source Files</Filter>
    </ClCompile>
    <ClCompile Include="..\laszip\src\arithmeticencoder.cpp">
      <Filter>Source Files</Filter>
    </ClCompile>
    <ClCompile Include="..\laszip\src\arithmeticmodel.cpp">
      <Filter>Source Files</Filter>
    </ClCompile>
    <ClCompile Include="..\laszip\src\lasindex.cpp">
      <Filter>Source Files</Filter>
    </ClCompile>
    <ClCompile Include="..\laszip\src\lasquadtree.cpp">
      <Filter>Source Files</Filter>
    </ClCompile>
    <ClCompile Include="..\laszip\src\lasinterval.cpp">
      <Filter>Source Files</Filter>
    </ClCompile>
    <ClCompile Include="..\laszip\src\laszip.cpp">
      <Filter>Source Files</Filter>
    </ClCompile>
    <ClCompile Include="..\laszip\src\mydefs.cpp">
      <Filter>Source Files</Filter>
    </ClCompile>
  </ItemGroup>
  <ItemGroup>
    <Filter Include="Source Files">
      <UniqueIdentifier>{865BB480-28F8-3162-B007-ECAD35A6CCA3}</UniqueIdentifier>
    </Filter>
  </ItemGroup>
</Project>
