<?xml version="1.0" encoding="utf-8"?>
<Project ToolsVersion="14.0" xmlns="http://schemas.microsoft.com/developer/msbuild/2003">
  <ItemGroup>
    <CustomBuild Include="C:\Users\mark\Dev\Geo\Common\proj-7.1.1\build_vs14_x64\CMakeFiles\e84107a7f54560005b62e5142ecc3621\RUN_TESTS_force.rule">
      <Filter>CMake Rules</Filter>
    </CustomBuild>
  </ItemGroup>
  <ItemGroup>
    <Filter Include="CMake Rules">
      <UniqueIdentifier>{BC0AA72F-9768-3AB1-978E-AD36A14042AD}</UniqueIdentifier>
    </Filter>
  </ItemGroup>
</Project>
