<?xml version="1.0" encoding="utf-8"?>
<Project ToolsVersion="4.0" xmlns="http://schemas.microsoft.com/developer/msbuild/2003">
  <ItemGroup>
    <Filter Include="Source Files">
      <UniqueIdentifier>{302ed7e5-0d83-47d2-934b-a3d510b8c09c}</UniqueIdentifier>
      <Extensions>cpp;c;cxx;rc;def;r;odl;idl;hpj;bat</Extensions>
    </Filter>
    <Filter Include="Header Files">
      <UniqueIdentifier>{9c04e5f5-bd4b-4e35-ba97-53d46cd3a38c}</UniqueIdentifier>
      <Extensions>h;hpp;hxx;hm;inl</Extensions>
    </Filter>
    <Filter Include="Resource Files">
      <UniqueIdentifier>{a5a36009-9c50-461f-b9e6-501b05342624}</UniqueIdentifier>
      <Extensions>ico;cur;bmp;dlg;rc2;rct;bin;rgs;gif;jpg;jpeg;jpe</Extensions>
    </Filter>
  </ItemGroup>
  <ItemGroup>
    <ClCompile Include="lasexample_write_only_full_waveform.cpp">
      <Filter>Source Files</Filter>
    </ClCompile>
  </ItemGroup>
  <ItemGroup>
    <ClInclude Include="..\..\LASzip\src\lasattributer.hpp">
      <Filter>Header Files</Filter>
    </ClInclude>
    <ClInclude Include="..\inc\lasdefinitions.hpp">
      <Filter>Header Files</Filter>
    </ClInclude>
    <ClInclude Include="..\..\LASzip\src\laspoint.hpp">
      <Filter>Header Files</Filter>
    </ClInclude>
    <ClInclude Include="..\..\LASzip\src\lasquantizer.hpp">
      <Filter>Header Files</Filter>
    </ClInclude>
    <ClInclude Include="..\inc\lasreader.hpp">
      <Filter>Header Files</Filter>
    </ClInclude>
    <ClInclude Include="..\inc\lasutility.hpp">
      <Filter>Header Files</Filter>
    </ClInclude>
    <ClInclude Include="..\inc\laswaveform13writer.hpp">
      <Filter>Header Files</Filter>
    </ClInclude>
    <ClInclude Include="..\inc\laswriter.hpp">
      <Filter>Header Files</Filter>
    </ClInclude>
    <ClInclude Include="..\inc\laszip.hpp">
      <Filter>Header Files</Filter>
    </ClInclude>
    <ClInclude Include="..\..\LASzip\src\laszip.hpp">
      <Filter>Header Files</Filter>
    </ClInclude>
    <ClInclude Include="..\..\LASzip\src\mydefs.hpp">
      <Filter>Header Files</Filter>
    </ClInclude>
  </ItemGroup>
</Project>