<?xml version="1.0" encoding="utf-8"?>
<Project ToolsVersion="14.0" xmlns="http://schemas.microsoft.com/developer/msbuild/2003">
  <ItemGroup>
    <CustomBuild Include="C:\Users\mark\Dev\Geo\Common\proj-7.1.1\build_vs14_x64\CMakeFiles\681bee7e3342051cc9194d948fe13382\all.sql.in.rule">
      <Filter>CMake Rules</Filter>
    </CustomBuild>
    <CustomBuild Include="C:\Users\mark\Dev\Geo\Common\proj-7.1.1\build_vs14_x64\CMakeFiles\c0ee8a4951264ea81ecaa28a25f7740c\generate_all_sql_in.rule">
      <Filter>CMake Rules</Filter>
    </CustomBuild>
    <CustomBuild Include="C:\Users\mark\Dev\Geo\Common\proj-7.1.1\data\CMakeLists.txt" />
  </ItemGroup>
  <ItemGroup>
    <None Include="C:\Users\mark\Dev\Geo\Common\proj-7.1.1\build_vs14_x64\data\CMakeFiles\generate_all_sql_in" />
  </ItemGroup>
  <ItemGroup>
    <Filter Include="CMake Rules">
      <UniqueIdentifier>{BC0AA72F-9768-3AB1-978E-AD36A14042AD}</UniqueIdentifier>
    </Filter>
  </ItemGroup>
</Project>
