<?xml version="1.0" encoding="utf-8"?>
<Project ToolsVersion="16.0" xmlns="http://schemas.microsoft.com/developer/msbuild/2003">
  <ItemGroup>
    <ClCompile Include="C:\DevLib\pdal-2.3\dimbuilder\DimBuilder.cpp">
      <Filter>Source Files</Filter>
    </ClCompile>
    <ClCompile Include="C:\DevLib\pdal-2.3\pdal\util\Utils.cpp">
      <Filter>Source Files</Filter>
    </ClCompile>
  </ItemGroup>
  <ItemGroup>
    <CustomBuild Include="C:\DevLib\pdal-2.3\dimbuilder\CMakeLists.txt" />
  </ItemGroup>
  <ItemGroup>
    <Filter Include="Source Files">
      <UniqueIdentifier>{710CCE06-F7B6-39BF-BDC2-97498E410AF1}</UniqueIdentifier>
    </Filter>
  </ItemGroup>
</Project>
